// !$*UTF8*$!
{
	archiveVersion = 1;
	classes = {
	};
	objectVersion = 48;
	objects = {

/* Begin PBXBuildFile section */
		3E0E6E401FAAF3D700F058EB /* HYHomePageViewController.m in Sources */ = {isa = PBXBuildFile; fileRef = 3E0E6E3F1FAAF3D700F058EB /* HYHomePageViewController.m */; };
		3E0E6E431FAAF43C00F058EB /* HYHomeView.m in Sources */ = {isa = PBXBuildFile; fileRef = 3E0E6E421FAAF43C00F058EB /* HYHomeView.m */; };
		3E0E6E461FAAF46700F058EB /* HYHomeHeaderView.m in Sources */ = {isa = PBXBuildFile; fileRef = 3E0E6E451FAAF46700F058EB /* HYHomeHeaderView.m */; };
		3E0E6E491FAAF49600F058EB /* HYHomeMiddleView.m in Sources */ = {isa = PBXBuildFile; fileRef = 3E0E6E481FAAF49600F058EB /* HYHomeMiddleView.m */; };
		3E0E6E4C1FAAF4AD00F058EB /* HYHomeBottomView.m in Sources */ = {isa = PBXBuildFile; fileRef = 3E0E6E4B1FAAF4AD00F058EB /* HYHomeBottomView.m */; };
		3E0E6E4F1FAAF4D700F058EB /* HYHomeBtnView.m in Sources */ = {isa = PBXBuildFile; fileRef = 3E0E6E4E1FAAF4D700F058EB /* HYHomeBtnView.m */; };
		3E0E6E501FAAFB0C00F058EB /* Macro.h in Sources */ = {isa = PBXBuildFile; fileRef = 3E0FDF581FA99E2200F52DC0 /* Macro.h */; };
		3E0E6E511FAAFB0C00F058EB /* WebApi.h in Sources */ = {isa = PBXBuildFile; fileRef = 3E0FDF541FA99E1700F52DC0 /* WebApi.h */; };
		3E0E6E541FAB000400F058EB /* HYUserModel.m in Sources */ = {isa = PBXBuildFile; fileRef = 3E0E6E531FAB000400F058EB /* HYUserModel.m */; };
		3E0E6E591FAB06A600F058EB /* HYPlistTools.m in Sources */ = {isa = PBXBuildFile; fileRef = 3E0E6E571FAB06A600F058EB /* HYPlistTools.m */; };
		3E0E6E5C1FAB1ADC00F058EB /* HYButton.m in Sources */ = {isa = PBXBuildFile; fileRef = 3E0E6E5B1FAB1ADC00F058EB /* HYButton.m */; };
		3E0E6E5F1FABFC4F00F058EB /* HYNoAccessView.m in Sources */ = {isa = PBXBuildFile; fileRef = 3E0E6E5E1FABFC4F00F058EB /* HYNoAccessView.m */; };
		3E0E6E621FAC09CF00F058EB /* HYReportViewController.m in Sources */ = {isa = PBXBuildFile; fileRef = 3E0E6E611FAC09CF00F058EB /* HYReportViewController.m */; };
		3E0E6E651FAC09E000F058EB /* HYBankCardViewController.m in Sources */ = {isa = PBXBuildFile; fileRef = 3E0E6E641FAC09E000F058EB /* HYBankCardViewController.m */; };
		3E0E6E681FAC09EB00F058EB /* HYAuthViewController.m in Sources */ = {isa = PBXBuildFile; fileRef = 3E0E6E671FAC09EB00F058EB /* HYAuthViewController.m */; };
		3E0E6E6B1FAC09F900F058EB /* HYMineViewController.m in Sources */ = {isa = PBXBuildFile; fileRef = 3E0E6E6A1FAC09F900F058EB /* HYMineViewController.m */; };
		3E0E6E6E1FAC0A0400F058EB /* HYAboutUSViewController.m in Sources */ = {isa = PBXBuildFile; fileRef = 3E0E6E6D1FAC0A0400F058EB /* HYAboutUSViewController.m */; };
		3E0E6E711FAC0A1100F058EB /* HYWalletViewController.m in Sources */ = {isa = PBXBuildFile; fileRef = 3E0E6E701FAC0A1100F058EB /* HYWalletViewController.m */; };
		3E0E6E771FAC0A8000F058EB /* HYHomeViewModel.m in Sources */ = {isa = PBXBuildFile; fileRef = 3E0E6E761FAC0A8000F058EB /* HYHomeViewModel.m */; };
		3E0FDF231FA9647800F52DC0 /* Assets.xcassets in Resources */ = {isa = PBXBuildFile; fileRef = 3E0FDF221FA9647800F52DC0 /* Assets.xcassets */; };
		3E0FDF291FA9647900F52DC0 /* main.m in Sources */ = {isa = PBXBuildFile; fileRef = 3E0FDF281FA9647900F52DC0 /* main.m */; };
		3E0FDF361FA9954E00F52DC0 /* AppDelegate.m in Sources */ = {isa = PBXBuildFile; fileRef = 3E0FDF311FA9954D00F52DC0 /* AppDelegate.m */; };
		3E0FDF371FA9954E00F52DC0 /* Info.plist in Resources */ = {isa = PBXBuildFile; fileRef = 3E0FDF321FA9954D00F52DC0 /* Info.plist */; };
		3E14D1EA1FAC7881006CDF18 /* HYJoinProtocolVC.m in Sources */ = {isa = PBXBuildFile; fileRef = 3E14D1E91FAC7881006CDF18 /* HYJoinProtocolVC.m */; };
		3E14D1F21FAFFCA2006CDF18 /* HYTableViewManager.m in Sources */ = {isa = PBXBuildFile; fileRef = 3E14D1F11FAFFCA2006CDF18 /* HYTableViewManager.m */; };
		3E14D1F51FB002FA006CDF18 /* HYBaseModel.m in Sources */ = {isa = PBXBuildFile; fileRef = 3E14D1F41FB002FA006CDF18 /* HYBaseModel.m */; };
		3E14D1F81FB00305006CDF18 /* HYBaseViewModel.m in Sources */ = {isa = PBXBuildFile; fileRef = 3E14D1F71FB00305006CDF18 /* HYBaseViewModel.m */; };
		3E14D1FE1FB00479006CDF18 /* HYBaseCellViewModel.m in Sources */ = {isa = PBXBuildFile; fileRef = 3E14D1FD1FB00479006CDF18 /* HYBaseCellViewModel.m */; };
		3E14D2011FB00492006CDF18 /* HYBaseTableViewModel.m in Sources */ = {isa = PBXBuildFile; fileRef = 3E14D2001FB00492006CDF18 /* HYBaseTableViewModel.m */; };
		3E14D2081FB02BD8006CDF18 /* HYReportViewModel.m in Sources */ = {isa = PBXBuildFile; fileRef = 3E14D2071FB02BD8006CDF18 /* HYReportViewModel.m */; };
		3E14D20F1FB036A9006CDF18 /* HYReportSelectCell.m in Sources */ = {isa = PBXBuildFile; fileRef = 3E14D20E1FB036A9006CDF18 /* HYReportSelectCell.m */; };
		3E14D2121FB036CF006CDF18 /* HYReportAllOrderCell.m in Sources */ = {isa = PBXBuildFile; fileRef = 3E14D2111FB036CF006CDF18 /* HYReportAllOrderCell.m */; };
		3E14D2151FB036E0006CDF18 /* HYReportAllAmountCell.m in Sources */ = {isa = PBXBuildFile; fileRef = 3E14D2141FB036E0006CDF18 /* HYReportAllAmountCell.m */; };
		3E14D21B1FB04831006CDF18 /* HYReportSelectCellModel.m in Sources */ = {isa = PBXBuildFile; fileRef = 3E14D21A1FB04831006CDF18 /* HYReportSelectCellModel.m */; };
		3E14D21E1FB0574B006CDF18 /* HYReportListViewController.m in Sources */ = {isa = PBXBuildFile; fileRef = 3E14D21D1FB0574B006CDF18 /* HYReportListViewController.m */; };
		3E14D2211FB05795006CDF18 /* HYReportDetailViewController.m in Sources */ = {isa = PBXBuildFile; fileRef = 3E14D2201FB05795006CDF18 /* HYReportDetailViewController.m */; };
		3E14D2241FB07596006CDF18 /* HYDatePickerView.m in Sources */ = {isa = PBXBuildFile; fileRef = 3E14D2231FB07596006CDF18 /* HYDatePickerView.m */; };
		3E95E1E21FA9AD4100995AB2 /* HYBaseViewController.m in Sources */ = {isa = PBXBuildFile; fileRef = 3E95E1E11FA9AD4100995AB2 /* HYBaseViewController.m */; };
		3E95E1E51FA9ADA600995AB2 /* HYLoginViewController.m in Sources */ = {isa = PBXBuildFile; fileRef = 3E95E1E41FA9ADA600995AB2 /* HYLoginViewController.m */; };
		3E95E1E81FA9ADCA00995AB2 /* HYBaseNavController.m in Sources */ = {isa = PBXBuildFile; fileRef = 3E95E1E71FA9ADCA00995AB2 /* HYBaseNavController.m */; };
		3E95E1EB1FA9B64400995AB2 /* HYLoginView.m in Sources */ = {isa = PBXBuildFile; fileRef = 3E95E1EA1FA9B64400995AB2 /* HYLoginView.m */; };
		3E95E1EE1FA9BF1900995AB2 /* HYLoginViewModel.m in Sources */ = {isa = PBXBuildFile; fileRef = 3E95E1ED1FA9BF1900995AB2 /* HYLoginViewModel.m */; };
		3E95E1EF1FA9C98000995AB2 /* JRToast.h in Sources */ = {isa = PBXBuildFile; fileRef = 3E95E1CD1FA9AB0300995AB2 /* JRToast.h */; };
		3E95E1F01FA9C98000995AB2 /* JRToast.m in Sources */ = {isa = PBXBuildFile; fileRef = 3E95E1CE1FA9AB0300995AB2 /* JRToast.m */; };
		3E95E1F31FAAC36800995AB2 /* AlipaySDK.bundle in Frameworks */ = {isa = PBXBuildFile; fileRef = 3E95E1F11FAAC33B00995AB2 /* AlipaySDK.bundle */; };
		3E95E1F41FAAC36800995AB2 /* AlipaySDK.framework in Frameworks */ = {isa = PBXBuildFile; fileRef = 3E95E1F21FAAC33B00995AB2 /* AlipaySDK.framework */; };
		3E95E1F81FAAC44C00995AB2 /* libz.tbd in Frameworks */ = {isa = PBXBuildFile; fileRef = 3E95E1F71FAAC44B00995AB2 /* libz.tbd */; };
		3E95E1FA1FAAC45500995AB2 /* libc++.tbd in Frameworks */ = {isa = PBXBuildFile; fileRef = 3E95E1F91FAAC45500995AB2 /* libc++.tbd */; };
		3E95E1FC1FAAC45E00995AB2 /* SystemConfiguration.framework in Frameworks */ = {isa = PBXBuildFile; fileRef = 3E95E1FB1FAAC45E00995AB2 /* SystemConfiguration.framework */; };
		3E95E1FE1FAAC46700995AB2 /* CoreTelephony.framework in Frameworks */ = {isa = PBXBuildFile; fileRef = 3E95E1FD1FAAC46700995AB2 /* CoreTelephony.framework */; };
		3E95E2001FAAC47700995AB2 /* QuartzCore.framework in Frameworks */ = {isa = PBXBuildFile; fileRef = 3E95E1FF1FAAC47700995AB2 /* QuartzCore.framework */; };
		3E95E2021FAAC47D00995AB2 /* CoreText.framework in Frameworks */ = {isa = PBXBuildFile; fileRef = 3E95E2011FAAC47D00995AB2 /* CoreText.framework */; };
		3E95E2041FAAC48400995AB2 /* CoreGraphics.framework in Frameworks */ = {isa = PBXBuildFile; fileRef = 3E95E2031FAAC48400995AB2 /* CoreGraphics.framework */; };
		3E95E2061FAAC48B00995AB2 /* UIKit.framework in Frameworks */ = {isa = PBXBuildFile; fileRef = 3E95E2051FAAC48B00995AB2 /* UIKit.framework */; };
		3E95E2081FAAC49300995AB2 /* Foundation.framework in Frameworks */ = {isa = PBXBuildFile; fileRef = 3E95E2071FAAC49300995AB2 /* Foundation.framework */; };
		3E95E20A1FAAC49700995AB2 /* CFNetwork.framework in Frameworks */ = {isa = PBXBuildFile; fileRef = 3E95E2091FAAC49700995AB2 /* CFNetwork.framework */; };
		3E95E20C1FAAC49F00995AB2 /* CoreMotion.framework in Frameworks */ = {isa = PBXBuildFile; fileRef = 3E95E20B1FAAC49F00995AB2 /* CoreMotion.framework */; };
		3E95E20D1FAAC7F700995AB2 /* Const.h in Sources */ = {isa = PBXBuildFile; fileRef = 3E0FDF551FA99E1C00F52DC0 /* Const.h */; };
		3E95E20E1FAAC7F700995AB2 /* Const.m in Sources */ = {isa = PBXBuildFile; fileRef = 3E0FDF571FA99E2100F52DC0 /* Const.m */; };
		3E95E2111FAAC8E800995AB2 /* HYLoginRequestManager.m in Sources */ = {isa = PBXBuildFile; fileRef = 3E95E2101FAAC8E800995AB2 /* HYLoginRequestManager.m */; };
		3E95E2121FAACA7300995AB2 /* HTTPManager.h in Sources */ = {isa = PBXBuildFile; fileRef = 3E95E1C81FA9AA4E00995AB2 /* HTTPManager.h */; };
		3E95E2131FAACA7300995AB2 /* HTTPManager.m in Sources */ = {isa = PBXBuildFile; fileRef = 3E95E1C91FA9AA4E00995AB2 /* HTTPManager.m */; };
		3E95E2141FAACACD00995AB2 /* MBProgressHUD+HYExtension.h in Sources */ = {isa = PBXBuildFile; fileRef = 3E95E1D61FA9AB2E00995AB2 /* MBProgressHUD+HYExtension.h */; };
		3E95E2151FAACACD00995AB2 /* MBProgressHUD+HYExtension.m in Sources */ = {isa = PBXBuildFile; fileRef = 3E95E1D51FA9AB2E00995AB2 /* MBProgressHUD+HYExtension.m */; };
		D794A536FF2A4EDED92DBF52 /* libPods-Agency.a in Frameworks */ = {isa = PBXBuildFile; fileRef = 20B531B14B9717DA796BB8D4 /* libPods-Agency.a */; };
/* End PBXBuildFile section */

/* Begin PBXFileReference section */
		20B531B14B9717DA796BB8D4 /* libPods-Agency.a */ = {isa = PBXFileReference; explicitFileType = archive.ar; includeInIndex = 0; path = "libPods-Agency.a"; sourceTree = BUILT_PRODUCTS_DIR; };
		3E0E6E3D1FAAF1AA00F058EB /* Agency.entitlements */ = {isa = PBXFileReference; lastKnownFileType = text.plist.entitlements; path = Agency.entitlements; sourceTree = "<group>"; };
		3E0E6E3E1FAAF3D700F058EB /* HYHomePageViewController.h */ = {isa = PBXFileReference; lastKnownFileType = sourcecode.c.h; path = HYHomePageViewController.h; sourceTree = "<group>"; };
		3E0E6E3F1FAAF3D700F058EB /* HYHomePageViewController.m */ = {isa = PBXFileReference; lastKnownFileType = sourcecode.c.objc; path = HYHomePageViewController.m; sourceTree = "<group>"; };
		3E0E6E411FAAF43C00F058EB /* HYHomeView.h */ = {isa = PBXFileReference; lastKnownFileType = sourcecode.c.h; path = HYHomeView.h; sourceTree = "<group>"; };
		3E0E6E421FAAF43C00F058EB /* HYHomeView.m */ = {isa = PBXFileReference; lastKnownFileType = sourcecode.c.objc; path = HYHomeView.m; sourceTree = "<group>"; };
		3E0E6E441FAAF46700F058EB /* HYHomeHeaderView.h */ = {isa = PBXFileReference; lastKnownFileType = sourcecode.c.h; path = HYHomeHeaderView.h; sourceTree = "<group>"; };
		3E0E6E451FAAF46700F058EB /* HYHomeHeaderView.m */ = {isa = PBXFileReference; lastKnownFileType = sourcecode.c.objc; path = HYHomeHeaderView.m; sourceTree = "<group>"; };
		3E0E6E471FAAF49600F058EB /* HYHomeMiddleView.h */ = {isa = PBXFileReference; lastKnownFileType = sourcecode.c.h; path = HYHomeMiddleView.h; sourceTree = "<group>"; };
		3E0E6E481FAAF49600F058EB /* HYHomeMiddleView.m */ = {isa = PBXFileReference; lastKnownFileType = sourcecode.c.objc; path = HYHomeMiddleView.m; sourceTree = "<group>"; };
		3E0E6E4A1FAAF4AD00F058EB /* HYHomeBottomView.h */ = {isa = PBXFileReference; lastKnownFileType = sourcecode.c.h; path = HYHomeBottomView.h; sourceTree = "<group>"; };
		3E0E6E4B1FAAF4AD00F058EB /* HYHomeBottomView.m */ = {isa = PBXFileReference; lastKnownFileType = sourcecode.c.objc; path = HYHomeBottomView.m; sourceTree = "<group>"; };
		3E0E6E4D1FAAF4D700F058EB /* HYHomeBtnView.h */ = {isa = PBXFileReference; lastKnownFileType = sourcecode.c.h; path = HYHomeBtnView.h; sourceTree = "<group>"; };
		3E0E6E4E1FAAF4D700F058EB /* HYHomeBtnView.m */ = {isa = PBXFileReference; lastKnownFileType = sourcecode.c.objc; path = HYHomeBtnView.m; sourceTree = "<group>"; };
		3E0E6E521FAB000400F058EB /* HYUserModel.h */ = {isa = PBXFileReference; lastKnownFileType = sourcecode.c.h; path = HYUserModel.h; sourceTree = "<group>"; };
		3E0E6E531FAB000400F058EB /* HYUserModel.m */ = {isa = PBXFileReference; lastKnownFileType = sourcecode.c.objc; path = HYUserModel.m; sourceTree = "<group>"; };
		3E0E6E561FAB06A600F058EB /* HYPlistTools.h */ = {isa = PBXFileReference; fileEncoding = 4; lastKnownFileType = sourcecode.c.h; path = HYPlistTools.h; sourceTree = "<group>"; };
		3E0E6E571FAB06A600F058EB /* HYPlistTools.m */ = {isa = PBXFileReference; fileEncoding = 4; lastKnownFileType = sourcecode.c.objc; path = HYPlistTools.m; sourceTree = "<group>"; };
		3E0E6E5A1FAB1ADC00F058EB /* HYButton.h */ = {isa = PBXFileReference; fileEncoding = 4; lastKnownFileType = sourcecode.c.h; path = HYButton.h; sourceTree = "<group>"; };
		3E0E6E5B1FAB1ADC00F058EB /* HYButton.m */ = {isa = PBXFileReference; fileEncoding = 4; lastKnownFileType = sourcecode.c.objc; path = HYButton.m; sourceTree = "<group>"; };
		3E0E6E5D1FABFC4F00F058EB /* HYNoAccessView.h */ = {isa = PBXFileReference; lastKnownFileType = sourcecode.c.h; path = HYNoAccessView.h; sourceTree = "<group>"; };
		3E0E6E5E1FABFC4F00F058EB /* HYNoAccessView.m */ = {isa = PBXFileReference; lastKnownFileType = sourcecode.c.objc; path = HYNoAccessView.m; sourceTree = "<group>"; };
		3E0E6E601FAC09CF00F058EB /* HYReportViewController.h */ = {isa = PBXFileReference; lastKnownFileType = sourcecode.c.h; path = HYReportViewController.h; sourceTree = "<group>"; };
		3E0E6E611FAC09CF00F058EB /* HYReportViewController.m */ = {isa = PBXFileReference; lastKnownFileType = sourcecode.c.objc; path = HYReportViewController.m; sourceTree = "<group>"; };
		3E0E6E631FAC09E000F058EB /* HYBankCardViewController.h */ = {isa = PBXFileReference; lastKnownFileType = sourcecode.c.h; path = HYBankCardViewController.h; sourceTree = "<group>"; };
		3E0E6E641FAC09E000F058EB /* HYBankCardViewController.m */ = {isa = PBXFileReference; lastKnownFileType = sourcecode.c.objc; path = HYBankCardViewController.m; sourceTree = "<group>"; };
		3E0E6E661FAC09EB00F058EB /* HYAuthViewController.h */ = {isa = PBXFileReference; lastKnownFileType = sourcecode.c.h; path = HYAuthViewController.h; sourceTree = "<group>"; };
		3E0E6E671FAC09EB00F058EB /* HYAuthViewController.m */ = {isa = PBXFileReference; lastKnownFileType = sourcecode.c.objc; path = HYAuthViewController.m; sourceTree = "<group>"; };
		3E0E6E691FAC09F900F058EB /* HYMineViewController.h */ = {isa = PBXFileReference; lastKnownFileType = sourcecode.c.h; path = HYMineViewController.h; sourceTree = "<group>"; };
		3E0E6E6A1FAC09F900F058EB /* HYMineViewController.m */ = {isa = PBXFileReference; lastKnownFileType = sourcecode.c.objc; path = HYMineViewController.m; sourceTree = "<group>"; };
		3E0E6E6C1FAC0A0400F058EB /* HYAboutUSViewController.h */ = {isa = PBXFileReference; lastKnownFileType = sourcecode.c.h; path = HYAboutUSViewController.h; sourceTree = "<group>"; };
		3E0E6E6D1FAC0A0400F058EB /* HYAboutUSViewController.m */ = {isa = PBXFileReference; lastKnownFileType = sourcecode.c.objc; path = HYAboutUSViewController.m; sourceTree = "<group>"; };
		3E0E6E6F1FAC0A1100F058EB /* HYWalletViewController.h */ = {isa = PBXFileReference; lastKnownFileType = sourcecode.c.h; path = HYWalletViewController.h; sourceTree = "<group>"; };
		3E0E6E701FAC0A1100F058EB /* HYWalletViewController.m */ = {isa = PBXFileReference; lastKnownFileType = sourcecode.c.objc; path = HYWalletViewController.m; sourceTree = "<group>"; };
		3E0E6E751FAC0A8000F058EB /* HYHomeViewModel.h */ = {isa = PBXFileReference; lastKnownFileType = sourcecode.c.h; path = HYHomeViewModel.h; sourceTree = "<group>"; };
		3E0E6E761FAC0A8000F058EB /* HYHomeViewModel.m */ = {isa = PBXFileReference; lastKnownFileType = sourcecode.c.objc; path = HYHomeViewModel.m; sourceTree = "<group>"; };
		3E0FDF161FA9647500F52DC0 /* Agency.app */ = {isa = PBXFileReference; explicitFileType = wrapper.application; includeInIndex = 0; path = Agency.app; sourceTree = BUILT_PRODUCTS_DIR; };
		3E0FDF221FA9647800F52DC0 /* Assets.xcassets */ = {isa = PBXFileReference; lastKnownFileType = folder.assetcatalog; path = Assets.xcassets; sourceTree = "<group>"; };
		3E0FDF281FA9647900F52DC0 /* main.m */ = {isa = PBXFileReference; lastKnownFileType = sourcecode.c.objc; path = main.m; sourceTree = "<group>"; };
		3E0FDF301FA9954D00F52DC0 /* AppDelegate.h */ = {isa = PBXFileReference; fileEncoding = 4; lastKnownFileType = sourcecode.c.h; path = AppDelegate.h; sourceTree = "<group>"; };
		3E0FDF311FA9954D00F52DC0 /* AppDelegate.m */ = {isa = PBXFileReference; fileEncoding = 4; lastKnownFileType = sourcecode.c.objc; path = AppDelegate.m; sourceTree = "<group>"; };
		3E0FDF321FA9954D00F52DC0 /* Info.plist */ = {isa = PBXFileReference; fileEncoding = 4; lastKnownFileType = text.plist.xml; path = Info.plist; sourceTree = "<group>"; };
		3E0FDF541FA99E1700F52DC0 /* WebApi.h */ = {isa = PBXFileReference; lastKnownFileType = sourcecode.c.h; path = WebApi.h; sourceTree = "<group>"; };
		3E0FDF551FA99E1C00F52DC0 /* Const.h */ = {isa = PBXFileReference; lastKnownFileType = sourcecode.c.h; path = Const.h; sourceTree = "<group>"; };
		3E0FDF561FA99E2100F52DC0 /* PrefixHeader.pch */ = {isa = PBXFileReference; lastKnownFileType = sourcecode.c.h; path = PrefixHeader.pch; sourceTree = "<group>"; };
		3E0FDF571FA99E2100F52DC0 /* Const.m */ = {isa = PBXFileReference; lastKnownFileType = sourcecode.c.objc; path = Const.m; sourceTree = "<group>"; };
		3E0FDF581FA99E2200F52DC0 /* Macro.h */ = {isa = PBXFileReference; lastKnownFileType = sourcecode.c.h; path = Macro.h; sourceTree = "<group>"; };
		3E14D1E81FAC7881006CDF18 /* HYJoinProtocolVC.h */ = {isa = PBXFileReference; lastKnownFileType = sourcecode.c.h; path = HYJoinProtocolVC.h; sourceTree = "<group>"; };
		3E14D1E91FAC7881006CDF18 /* HYJoinProtocolVC.m */ = {isa = PBXFileReference; lastKnownFileType = sourcecode.c.objc; path = HYJoinProtocolVC.m; sourceTree = "<group>"; };
		3E14D1F01FAFFCA2006CDF18 /* HYTableViewManager.h */ = {isa = PBXFileReference; lastKnownFileType = sourcecode.c.h; path = HYTableViewManager.h; sourceTree = "<group>"; };
		3E14D1F11FAFFCA2006CDF18 /* HYTableViewManager.m */ = {isa = PBXFileReference; lastKnownFileType = sourcecode.c.objc; path = HYTableViewManager.m; sourceTree = "<group>"; };
		3E14D1F31FB002FA006CDF18 /* HYBaseModel.h */ = {isa = PBXFileReference; lastKnownFileType = sourcecode.c.h; path = HYBaseModel.h; sourceTree = "<group>"; };
		3E14D1F41FB002FA006CDF18 /* HYBaseModel.m */ = {isa = PBXFileReference; lastKnownFileType = sourcecode.c.objc; path = HYBaseModel.m; sourceTree = "<group>"; };
		3E14D1F61FB00305006CDF18 /* HYBaseViewModel.h */ = {isa = PBXFileReference; lastKnownFileType = sourcecode.c.h; path = HYBaseViewModel.h; sourceTree = "<group>"; };
		3E14D1F71FB00305006CDF18 /* HYBaseViewModel.m */ = {isa = PBXFileReference; lastKnownFileType = sourcecode.c.objc; path = HYBaseViewModel.m; sourceTree = "<group>"; };
		3E14D1FC1FB00479006CDF18 /* HYBaseCellViewModel.h */ = {isa = PBXFileReference; lastKnownFileType = sourcecode.c.h; path = HYBaseCellViewModel.h; sourceTree = "<group>"; };
		3E14D1FD1FB00479006CDF18 /* HYBaseCellViewModel.m */ = {isa = PBXFileReference; lastKnownFileType = sourcecode.c.objc; path = HYBaseCellViewModel.m; sourceTree = "<group>"; };
		3E14D1FF1FB00492006CDF18 /* HYBaseTableViewModel.h */ = {isa = PBXFileReference; lastKnownFileType = sourcecode.c.h; path = HYBaseTableViewModel.h; sourceTree = "<group>"; };
		3E14D2001FB00492006CDF18 /* HYBaseTableViewModel.m */ = {isa = PBXFileReference; lastKnownFileType = sourcecode.c.objc; path = HYBaseTableViewModel.m; sourceTree = "<group>"; };
		3E14D2061FB02BD8006CDF18 /* HYReportViewModel.h */ = {isa = PBXFileReference; lastKnownFileType = sourcecode.c.h; path = HYReportViewModel.h; sourceTree = "<group>"; };
		3E14D2071FB02BD8006CDF18 /* HYReportViewModel.m */ = {isa = PBXFileReference; lastKnownFileType = sourcecode.c.objc; path = HYReportViewModel.m; sourceTree = "<group>"; };
		3E14D20D1FB036A9006CDF18 /* HYReportSelectCell.h */ = {isa = PBXFileReference; lastKnownFileType = sourcecode.c.h; path = HYReportSelectCell.h; sourceTree = "<group>"; };
		3E14D20E1FB036A9006CDF18 /* HYReportSelectCell.m */ = {isa = PBXFileReference; lastKnownFileType = sourcecode.c.objc; path = HYReportSelectCell.m; sourceTree = "<group>"; };
		3E14D2101FB036CF006CDF18 /* HYReportAllOrderCell.h */ = {isa = PBXFileReference; lastKnownFileType = sourcecode.c.h; path = HYReportAllOrderCell.h; sourceTree = "<group>"; };
		3E14D2111FB036CF006CDF18 /* HYReportAllOrderCell.m */ = {isa = PBXFileReference; lastKnownFileType = sourcecode.c.objc; path = HYReportAllOrderCell.m; sourceTree = "<group>"; };
		3E14D2131FB036E0006CDF18 /* HYReportAllAmountCell.h */ = {isa = PBXFileReference; lastKnownFileType = sourcecode.c.h; path = HYReportAllAmountCell.h; sourceTree = "<group>"; };
		3E14D2141FB036E0006CDF18 /* HYReportAllAmountCell.m */ = {isa = PBXFileReference; lastKnownFileType = sourcecode.c.objc; path = HYReportAllAmountCell.m; sourceTree = "<group>"; };
		3E14D2191FB04831006CDF18 /* HYReportSelectCellModel.h */ = {isa = PBXFileReference; lastKnownFileType = sourcecode.c.h; path = HYReportSelectCellModel.h; sourceTree = "<group>"; };
		3E14D21A1FB04831006CDF18 /* HYReportSelectCellModel.m */ = {isa = PBXFileReference; lastKnownFileType = sourcecode.c.objc; path = HYReportSelectCellModel.m; sourceTree = "<group>"; };
		3E14D21C1FB0574B006CDF18 /* HYReportListViewController.h */ = {isa = PBXFileReference; lastKnownFileType = sourcecode.c.h; path = HYReportListViewController.h; sourceTree = "<group>"; };
		3E14D21D1FB0574B006CDF18 /* HYReportListViewController.m */ = {isa = PBXFileReference; lastKnownFileType = sourcecode.c.objc; path = HYReportListViewController.m; sourceTree = "<group>"; };
		3E14D21F1FB05795006CDF18 /* HYReportDetailViewController.h */ = {isa = PBXFileReference; lastKnownFileType = sourcecode.c.h; path = HYReportDetailViewController.h; sourceTree = "<group>"; };
		3E14D2201FB05795006CDF18 /* HYReportDetailViewController.m */ = {isa = PBXFileReference; lastKnownFileType = sourcecode.c.objc; path = HYReportDetailViewController.m; sourceTree = "<group>"; };
		3E14D2221FB07596006CDF18 /* HYDatePickerView.h */ = {isa = PBXFileReference; lastKnownFileType = sourcecode.c.h; path = HYDatePickerView.h; sourceTree = "<group>"; };
		3E14D2231FB07596006CDF18 /* HYDatePickerView.m */ = {isa = PBXFileReference; lastKnownFileType = sourcecode.c.objc; path = HYDatePickerView.m; sourceTree = "<group>"; };
		3E95E1C81FA9AA4E00995AB2 /* HTTPManager.h */ = {isa = PBXFileReference; lastKnownFileType = sourcecode.c.h; path = HTTPManager.h; sourceTree = "<group>"; };
		3E95E1C91FA9AA4E00995AB2 /* HTTPManager.m */ = {isa = PBXFileReference; lastKnownFileType = sourcecode.c.objc; path = HTTPManager.m; sourceTree = "<group>"; };
		3E95E1CB1FA9AAF900995AB2 /* SAMTextView.h */ = {isa = PBXFileReference; lastKnownFileType = sourcecode.c.h; path = SAMTextView.h; sourceTree = "<group>"; };
		3E95E1CC1FA9AAF900995AB2 /* SAMTextView.m */ = {isa = PBXFileReference; lastKnownFileType = sourcecode.c.objc; path = SAMTextView.m; sourceTree = "<group>"; };
		3E95E1CD1FA9AB0300995AB2 /* JRToast.h */ = {isa = PBXFileReference; lastKnownFileType = sourcecode.c.h; path = JRToast.h; sourceTree = "<group>"; };
		3E95E1CE1FA9AB0300995AB2 /* JRToast.m */ = {isa = PBXFileReference; lastKnownFileType = sourcecode.c.objc; path = JRToast.m; sourceTree = "<group>"; };
		3E95E1D01FA9AB1A00995AB2 /* DESECB.h */ = {isa = PBXFileReference; lastKnownFileType = sourcecode.c.h; path = DESECB.h; sourceTree = "<group>"; };
		3E95E1D11FA9AB1A00995AB2 /* DESECB.m */ = {isa = PBXFileReference; lastKnownFileType = sourcecode.c.objc; path = DESECB.m; sourceTree = "<group>"; };
		3E95E1D21FA9AB1A00995AB2 /* GTMBase64.h */ = {isa = PBXFileReference; lastKnownFileType = sourcecode.c.h; path = GTMBase64.h; sourceTree = "<group>"; };
		3E95E1D31FA9AB1A00995AB2 /* GTMBase64.m */ = {isa = PBXFileReference; lastKnownFileType = sourcecode.c.objc; path = GTMBase64.m; sourceTree = "<group>"; };
		3E95E1D41FA9AB1A00995AB2 /* GTMDefines.h */ = {isa = PBXFileReference; lastKnownFileType = sourcecode.c.h; path = GTMDefines.h; sourceTree = "<group>"; };
		3E95E1D51FA9AB2E00995AB2 /* MBProgressHUD+HYExtension.m */ = {isa = PBXFileReference; lastKnownFileType = sourcecode.c.objc; path = "MBProgressHUD+HYExtension.m"; sourceTree = "<group>"; };
		3E95E1D61FA9AB2E00995AB2 /* MBProgressHUD+HYExtension.h */ = {isa = PBXFileReference; lastKnownFileType = sourcecode.c.h; path = "MBProgressHUD+HYExtension.h"; sourceTree = "<group>"; };
		3E95E1D81FA9AB4500995AB2 /* NSArray+HYBUnicodeReadable.h */ = {isa = PBXFileReference; lastKnownFileType = sourcecode.c.h; path = "NSArray+HYBUnicodeReadable.h"; sourceTree = "<group>"; };
		3E95E1D91FA9AB4500995AB2 /* NSArray+HYBUnicodeReadable.m */ = {isa = PBXFileReference; lastKnownFileType = sourcecode.c.objc; path = "NSArray+HYBUnicodeReadable.m"; sourceTree = "<group>"; };
		3E95E1DA1FA9AB4500995AB2 /* NSDictionary+HYBUnicodeReadable.h */ = {isa = PBXFileReference; lastKnownFileType = sourcecode.c.h; path = "NSDictionary+HYBUnicodeReadable.h"; sourceTree = "<group>"; };
		3E95E1DB1FA9AB4500995AB2 /* NSDictionary+HYBUnicodeReadable.m */ = {isa = PBXFileReference; lastKnownFileType = sourcecode.c.objc; path = "NSDictionary+HYBUnicodeReadable.m"; sourceTree = "<group>"; };
		3E95E1DC1FA9AB4500995AB2 /* NSSet+HYBUnicodeReadable.h */ = {isa = PBXFileReference; lastKnownFileType = sourcecode.c.h; path = "NSSet+HYBUnicodeReadable.h"; sourceTree = "<group>"; };
		3E95E1DD1FA9AB4500995AB2 /* NSSet+HYBUnicodeReadable.m */ = {isa = PBXFileReference; lastKnownFileType = sourcecode.c.objc; path = "NSSet+HYBUnicodeReadable.m"; sourceTree = "<group>"; };
		3E95E1DF1FA9AB4500995AB2 /* Foundation+Log.m */ = {isa = PBXFileReference; lastKnownFileType = sourcecode.c.objc; path = "Foundation+Log.m"; sourceTree = "<group>"; };
		3E95E1E01FA9AD4100995AB2 /* HYBaseViewController.h */ = {isa = PBXFileReference; lastKnownFileType = sourcecode.c.h; path = HYBaseViewController.h; sourceTree = "<group>"; };
		3E95E1E11FA9AD4100995AB2 /* HYBaseViewController.m */ = {isa = PBXFileReference; lastKnownFileType = sourcecode.c.objc; path = HYBaseViewController.m; sourceTree = "<group>"; };
		3E95E1E31FA9ADA600995AB2 /* HYLoginViewController.h */ = {isa = PBXFileReference; lastKnownFileType = sourcecode.c.h; path = HYLoginViewController.h; sourceTree = "<group>"; };
		3E95E1E41FA9ADA600995AB2 /* HYLoginViewController.m */ = {isa = PBXFileReference; lastKnownFileType = sourcecode.c.objc; path = HYLoginViewController.m; sourceTree = "<group>"; };
		3E95E1E61FA9ADCA00995AB2 /* HYBaseNavController.h */ = {isa = PBXFileReference; lastKnownFileType = sourcecode.c.h; path = HYBaseNavController.h; sourceTree = "<group>"; };
		3E95E1E71FA9ADCA00995AB2 /* HYBaseNavController.m */ = {isa = PBXFileReference; lastKnownFileType = sourcecode.c.objc; path = HYBaseNavController.m; sourceTree = "<group>"; };
		3E95E1E91FA9B64400995AB2 /* HYLoginView.h */ = {isa = PBXFileReference; lastKnownFileType = sourcecode.c.h; path = HYLoginView.h; sourceTree = "<group>"; };
		3E95E1EA1FA9B64400995AB2 /* HYLoginView.m */ = {isa = PBXFileReference; lastKnownFileType = sourcecode.c.objc; path = HYLoginView.m; sourceTree = "<group>"; };
		3E95E1EC1FA9BF1900995AB2 /* HYLoginViewModel.h */ = {isa = PBXFileReference; lastKnownFileType = sourcecode.c.h; path = HYLoginViewModel.h; sourceTree = "<group>"; };
		3E95E1ED1FA9BF1900995AB2 /* HYLoginViewModel.m */ = {isa = PBXFileReference; lastKnownFileType = sourcecode.c.objc; path = HYLoginViewModel.m; sourceTree = "<group>"; };
		3E95E1F11FAAC33B00995AB2 /* AlipaySDK.bundle */ = {isa = PBXFileReference; lastKnownFileType = "wrapper.plug-in"; path = AlipaySDK.bundle; sourceTree = "<group>"; };
		3E95E1F21FAAC33B00995AB2 /* AlipaySDK.framework */ = {isa = PBXFileReference; lastKnownFileType = wrapper.framework; path = AlipaySDK.framework; sourceTree = "<group>"; };
		3E95E1F51FAAC43D00995AB2 /* libc++.1.tbd */ = {isa = PBXFileReference; lastKnownFileType = "sourcecode.text-based-dylib-definition"; name = "libc++.1.tbd"; path = "usr/lib/libc++.1.tbd"; sourceTree = SDKROOT; };
		3E95E1F71FAAC44B00995AB2 /* libz.tbd */ = {isa = PBXFileReference; lastKnownFileType = "sourcecode.text-based-dylib-definition"; name = libz.tbd; path = usr/lib/libz.tbd; sourceTree = SDKROOT; };
		3E95E1F91FAAC45500995AB2 /* libc++.tbd */ = {isa = PBXFileReference; lastKnownFileType = "sourcecode.text-based-dylib-definition"; name = "libc++.tbd"; path = "usr/lib/libc++.tbd"; sourceTree = SDKROOT; };
		3E95E1FB1FAAC45E00995AB2 /* SystemConfiguration.framework */ = {isa = PBXFileReference; lastKnownFileType = wrapper.framework; name = SystemConfiguration.framework; path = System/Library/Frameworks/SystemConfiguration.framework; sourceTree = SDKROOT; };
		3E95E1FD1FAAC46700995AB2 /* CoreTelephony.framework */ = {isa = PBXFileReference; lastKnownFileType = wrapper.framework; name = CoreTelephony.framework; path = System/Library/Frameworks/CoreTelephony.framework; sourceTree = SDKROOT; };
		3E95E1FF1FAAC47700995AB2 /* QuartzCore.framework */ = {isa = PBXFileReference; lastKnownFileType = wrapper.framework; name = QuartzCore.framework; path = System/Library/Frameworks/QuartzCore.framework; sourceTree = SDKROOT; };
		3E95E2011FAAC47D00995AB2 /* CoreText.framework */ = {isa = PBXFileReference; lastKnownFileType = wrapper.framework; name = CoreText.framework; path = System/Library/Frameworks/CoreText.framework; sourceTree = SDKROOT; };
		3E95E2031FAAC48400995AB2 /* CoreGraphics.framework */ = {isa = PBXFileReference; lastKnownFileType = wrapper.framework; name = CoreGraphics.framework; path = System/Library/Frameworks/CoreGraphics.framework; sourceTree = SDKROOT; };
		3E95E2051FAAC48B00995AB2 /* UIKit.framework */ = {isa = PBXFileReference; lastKnownFileType = wrapper.framework; name = UIKit.framework; path = System/Library/Frameworks/UIKit.framework; sourceTree = SDKROOT; };
		3E95E2071FAAC49300995AB2 /* Foundation.framework */ = {isa = PBXFileReference; lastKnownFileType = wrapper.framework; name = Foundation.framework; path = System/Library/Frameworks/Foundation.framework; sourceTree = SDKROOT; };
		3E95E2091FAAC49700995AB2 /* CFNetwork.framework */ = {isa = PBXFileReference; lastKnownFileType = wrapper.framework; name = CFNetwork.framework; path = System/Library/Frameworks/CFNetwork.framework; sourceTree = SDKROOT; };
		3E95E20B1FAAC49F00995AB2 /* CoreMotion.framework */ = {isa = PBXFileReference; lastKnownFileType = wrapper.framework; name = CoreMotion.framework; path = System/Library/Frameworks/CoreMotion.framework; sourceTree = SDKROOT; };
		3E95E20F1FAAC8E800995AB2 /* HYLoginRequestManager.h */ = {isa = PBXFileReference; lastKnownFileType = sourcecode.c.h; path = HYLoginRequestManager.h; sourceTree = "<group>"; };
		3E95E2101FAAC8E800995AB2 /* HYLoginRequestManager.m */ = {isa = PBXFileReference; lastKnownFileType = sourcecode.c.objc; path = HYLoginRequestManager.m; sourceTree = "<group>"; };
		7CE398DDC921D4516685D42A /* Pods-Agency.release.xcconfig */ = {isa = PBXFileReference; includeInIndex = 1; lastKnownFileType = text.xcconfig; name = "Pods-Agency.release.xcconfig"; path = "Pods/Target Support Files/Pods-Agency/Pods-Agency.release.xcconfig"; sourceTree = "<group>"; };
		876407F6BA8EF28FA0E76789 /* Pods-Agency.debug.xcconfig */ = {isa = PBXFileReference; includeInIndex = 1; lastKnownFileType = text.xcconfig; name = "Pods-Agency.debug.xcconfig"; path = "Pods/Target Support Files/Pods-Agency/Pods-Agency.debug.xcconfig"; sourceTree = "<group>"; };
/* End PBXFileReference section */

/* Begin PBXFrameworksBuildPhase section */
		3E0FDF131FA9647500F52DC0 /* Frameworks */ = {
			isa = PBXFrameworksBuildPhase;
			buildActionMask = 2147483647;
			files = (
				3E95E20C1FAAC49F00995AB2 /* CoreMotion.framework in Frameworks */,
				3E95E20A1FAAC49700995AB2 /* CFNetwork.framework in Frameworks */,
				3E95E2081FAAC49300995AB2 /* Foundation.framework in Frameworks */,
				3E95E2061FAAC48B00995AB2 /* UIKit.framework in Frameworks */,
				3E95E2041FAAC48400995AB2 /* CoreGraphics.framework in Frameworks */,
				3E95E2021FAAC47D00995AB2 /* CoreText.framework in Frameworks */,
				3E95E2001FAAC47700995AB2 /* QuartzCore.framework in Frameworks */,
				3E95E1FE1FAAC46700995AB2 /* CoreTelephony.framework in Frameworks */,
				3E95E1FC1FAAC45E00995AB2 /* SystemConfiguration.framework in Frameworks */,
				3E95E1FA1FAAC45500995AB2 /* libc++.tbd in Frameworks */,
				3E95E1F81FAAC44C00995AB2 /* libz.tbd in Frameworks */,
				3E95E1F31FAAC36800995AB2 /* AlipaySDK.bundle in Frameworks */,
				3E95E1F41FAAC36800995AB2 /* AlipaySDK.framework in Frameworks */,
				D794A536FF2A4EDED92DBF52 /* libPods-Agency.a in Frameworks */,
			);
			runOnlyForDeploymentPostprocessing = 0;
		};
/* End PBXFrameworksBuildPhase section */

/* Begin PBXGroup section */
		035B01D900B62BC3D76DC81D /* Frameworks */ = {
			isa = PBXGroup;
			children = (
				3E95E20B1FAAC49F00995AB2 /* CoreMotion.framework */,
				3E95E2091FAAC49700995AB2 /* CFNetwork.framework */,
				3E95E2071FAAC49300995AB2 /* Foundation.framework */,
				3E95E2051FAAC48B00995AB2 /* UIKit.framework */,
				3E95E2031FAAC48400995AB2 /* CoreGraphics.framework */,
				3E95E2011FAAC47D00995AB2 /* CoreText.framework */,
				3E95E1FF1FAAC47700995AB2 /* QuartzCore.framework */,
				3E95E1FD1FAAC46700995AB2 /* CoreTelephony.framework */,
				3E95E1FB1FAAC45E00995AB2 /* SystemConfiguration.framework */,
				3E95E1F91FAAC45500995AB2 /* libc++.tbd */,
				3E95E1F71FAAC44B00995AB2 /* libz.tbd */,
				3E95E1F51FAAC43D00995AB2 /* libc++.1.tbd */,
				20B531B14B9717DA796BB8D4 /* libPods-Agency.a */,
			);
			name = Frameworks;
			sourceTree = "<group>";
		};
		3E0FDF0D1FA9647400F52DC0 = {
			isa = PBXGroup;
			children = (
				3E0FDF181FA9647500F52DC0 /* Agency */,
				3E0FDF171FA9647500F52DC0 /* Products */,
				F75F3A5EF34243711C68A545 /* Pods */,
				035B01D900B62BC3D76DC81D /* Frameworks */,
			);
			sourceTree = "<group>";
		};
		3E0FDF171FA9647500F52DC0 /* Products */ = {
			isa = PBXGroup;
			children = (
				3E0FDF161FA9647500F52DC0 /* Agency.app */,
			);
			name = Products;
			sourceTree = "<group>";
		};
		3E0FDF181FA9647500F52DC0 /* Agency */ = {
			isa = PBXGroup;
			children = (
				3E0E6E3D1FAAF1AA00F058EB /* Agency.entitlements */,
				3E0FDF341FA9954D00F52DC0 /* Base */,
				3E0FDF331FA9954D00F52DC0 /* Module */,
				3E0FDF351FA9954D00F52DC0 /* Vendor */,
				3E0FDF591FA99EA000F52DC0 /* Expand */,
				3E0FDF531FA997AF00F52DC0 /* Config */,
				3E0FDF2F1FA9954D00F52DC0 /* APPDelegate */,
				3E0FDF221FA9647800F52DC0 /* Assets.xcassets */,
				3E0FDF281FA9647900F52DC0 /* main.m */,
			);
			path = Agency;
			sourceTree = "<group>";
		};
		3E0FDF2F1FA9954D00F52DC0 /* APPDelegate */ = {
			isa = PBXGroup;
			children = (
				3E0FDF301FA9954D00F52DC0 /* AppDelegate.h */,
				3E0FDF311FA9954D00F52DC0 /* AppDelegate.m */,
				3E0FDF321FA9954D00F52DC0 /* Info.plist */,
			);
			path = APPDelegate;
			sourceTree = "<group>";
		};
		3E0FDF331FA9954D00F52DC0 /* Module */ = {
			isa = PBXGroup;
			children = (
				3E0FDF421FA996B600F52DC0 /* Home */,
				3E0FDF381FA996B600F52DC0 /* Login */,
				3E0FDF3D1FA996B600F52DC0 /* Mine */,
				3E14D1EB1FAFFC40006CDF18 /* Common */,
			);
			path = Module;
			sourceTree = "<group>";
		};
		3E0FDF341FA9954D00F52DC0 /* Base */ = {
			isa = PBXGroup;
			children = (
				3E95E1E01FA9AD4100995AB2 /* HYBaseViewController.h */,
				3E95E1E11FA9AD4100995AB2 /* HYBaseViewController.m */,
				3E95E1E61FA9ADCA00995AB2 /* HYBaseNavController.h */,
				3E95E1E71FA9ADCA00995AB2 /* HYBaseNavController.m */,
				3E14D1F31FB002FA006CDF18 /* HYBaseModel.h */,
				3E14D1F41FB002FA006CDF18 /* HYBaseModel.m */,
				3E14D1F61FB00305006CDF18 /* HYBaseViewModel.h */,
				3E14D1F71FB00305006CDF18 /* HYBaseViewModel.m */,
				3E14D1FF1FB00492006CDF18 /* HYBaseTableViewModel.h */,
				3E14D2001FB00492006CDF18 /* HYBaseTableViewModel.m */,
				3E14D1FC1FB00479006CDF18 /* HYBaseCellViewModel.h */,
				3E14D1FD1FB00479006CDF18 /* HYBaseCellViewModel.m */,
			);
			path = Base;
			sourceTree = "<group>";
		};
		3E0FDF351FA9954D00F52DC0 /* Vendor */ = {
			isa = PBXGroup;
			children = (
				3E95E1F11FAAC33B00995AB2 /* AlipaySDK.bundle */,
				3E95E1F21FAAC33B00995AB2 /* AlipaySDK.framework */,
				3E95E1D71FA9AB4500995AB2 /* HYBUnicodeReadable */,
				3E95E1DE1FA9AB4500995AB2 /* ShowChinese */,
			);
			path = Vendor;
			sourceTree = "<group>";
		};
		3E0FDF381FA996B600F52DC0 /* Login */ = {
			isa = PBXGroup;
			children = (
				3E0FDF391FA996B600F52DC0 /* Controller */,
				3E0FDF3A1FA996B600F52DC0 /* Model */,
				3E0FDF3B1FA996B600F52DC0 /* View */,
				3E0FDF3C1FA996B600F52DC0 /* ViewModel */,
			);
			path = Login;
			sourceTree = "<group>";
		};
		3E0FDF391FA996B600F52DC0 /* Controller */ = {
			isa = PBXGroup;
			children = (
				3E95E1E31FA9ADA600995AB2 /* HYLoginViewController.h */,
				3E95E1E41FA9ADA600995AB2 /* HYLoginViewController.m */,
			);
			path = Controller;
			sourceTree = "<group>";
		};
		3E0FDF3A1FA996B600F52DC0 /* Model */ = {
			isa = PBXGroup;
			children = (
				3E0E6E521FAB000400F058EB /* HYUserModel.h */,
				3E0E6E531FAB000400F058EB /* HYUserModel.m */,
			);
			path = Model;
			sourceTree = "<group>";
		};
		3E0FDF3B1FA996B600F52DC0 /* View */ = {
			isa = PBXGroup;
			children = (
				3E95E1E91FA9B64400995AB2 /* HYLoginView.h */,
				3E95E1EA1FA9B64400995AB2 /* HYLoginView.m */,
			);
			path = View;
			sourceTree = "<group>";
		};
		3E0FDF3C1FA996B600F52DC0 /* ViewModel */ = {
			isa = PBXGroup;
			children = (
				3E95E1EC1FA9BF1900995AB2 /* HYLoginViewModel.h */,
				3E95E1ED1FA9BF1900995AB2 /* HYLoginViewModel.m */,
				3E95E20F1FAAC8E800995AB2 /* HYLoginRequestManager.h */,
				3E95E2101FAAC8E800995AB2 /* HYLoginRequestManager.m */,
			);
			path = ViewModel;
			sourceTree = "<group>";
		};
		3E0FDF3D1FA996B600F52DC0 /* Mine */ = {
			isa = PBXGroup;
			children = (
				3E0FDF3E1FA996B600F52DC0 /* Controller */,
				3E0FDF3F1FA996B600F52DC0 /* Model */,
				3E0FDF401FA996B600F52DC0 /* View */,
				3E0FDF411FA996B600F52DC0 /* ViewModel */,
			);
			path = Mine;
			sourceTree = "<group>";
		};
		3E0FDF3E1FA996B600F52DC0 /* Controller */ = {
			isa = PBXGroup;
			children = (
				3E0E6E691FAC09F900F058EB /* HYMineViewController.h */,
				3E0E6E6A1FAC09F900F058EB /* HYMineViewController.m */,
				3E0E6E6C1FAC0A0400F058EB /* HYAboutUSViewController.h */,
				3E0E6E6D1FAC0A0400F058EB /* HYAboutUSViewController.m */,
				3E0E6E6F1FAC0A1100F058EB /* HYWalletViewController.h */,
				3E0E6E701FAC0A1100F058EB /* HYWalletViewController.m */,
			);
			path = Controller;
			sourceTree = "<group>";
		};
		3E0FDF3F1FA996B600F52DC0 /* Model */ = {
			isa = PBXGroup;
			children = (
			);
			path = Model;
			sourceTree = "<group>";
		};
		3E0FDF401FA996B600F52DC0 /* View */ = {
			isa = PBXGroup;
			children = (
			);
			path = View;
			sourceTree = "<group>";
		};
		3E0FDF411FA996B600F52DC0 /* ViewModel */ = {
			isa = PBXGroup;
			children = (
			);
			path = ViewModel;
			sourceTree = "<group>";
		};
		3E0FDF421FA996B600F52DC0 /* Home */ = {
			isa = PBXGroup;
			children = (
				3E0FDF431FA996B600F52DC0 /* Controller */,
				3E0FDF441FA996B600F52DC0 /* Model */,
				3E0FDF451FA996B600F52DC0 /* View */,
				3E0FDF461FA996B600F52DC0 /* ViewModel */,
			);
			path = Home;
			sourceTree = "<group>";
		};
		3E0FDF431FA996B600F52DC0 /* Controller */ = {
			isa = PBXGroup;
			children = (
				3E0E6E3E1FAAF3D700F058EB /* HYHomePageViewController.h */,
				3E0E6E3F1FAAF3D700F058EB /* HYHomePageViewController.m */,
				3E0E6E601FAC09CF00F058EB /* HYReportViewController.h */,
				3E0E6E611FAC09CF00F058EB /* HYReportViewController.m */,
				3E14D21C1FB0574B006CDF18 /* HYReportListViewController.h */,
				3E14D21D1FB0574B006CDF18 /* HYReportListViewController.m */,
				3E14D21F1FB05795006CDF18 /* HYReportDetailViewController.h */,
				3E14D2201FB05795006CDF18 /* HYReportDetailViewController.m */,
				3E0E6E631FAC09E000F058EB /* HYBankCardViewController.h */,
				3E0E6E641FAC09E000F058EB /* HYBankCardViewController.m */,
				3E0E6E661FAC09EB00F058EB /* HYAuthViewController.h */,
				3E0E6E671FAC09EB00F058EB /* HYAuthViewController.m */,
				3E14D1E81FAC7881006CDF18 /* HYJoinProtocolVC.h */,
				3E14D1E91FAC7881006CDF18 /* HYJoinProtocolVC.m */,
			);
			path = Controller;
			sourceTree = "<group>";
		};
		3E0FDF441FA996B600F52DC0 /* Model */ = {
			isa = PBXGroup;
			children = (
			);
			path = Model;
			sourceTree = "<group>";
		};
		3E0FDF451FA996B600F52DC0 /* View */ = {
			isa = PBXGroup;
			children = (
				3E14D2091FB035CC006CDF18 /* Cell */,
				3E0E6E411FAAF43C00F058EB /* HYHomeView.h */,
				3E0E6E421FAAF43C00F058EB /* HYHomeView.m */,
				3E0E6E441FAAF46700F058EB /* HYHomeHeaderView.h */,
				3E0E6E451FAAF46700F058EB /* HYHomeHeaderView.m */,
				3E0E6E471FAAF49600F058EB /* HYHomeMiddleView.h */,
				3E0E6E481FAAF49600F058EB /* HYHomeMiddleView.m */,
				3E0E6E4D1FAAF4D700F058EB /* HYHomeBtnView.h */,
				3E0E6E4E1FAAF4D700F058EB /* HYHomeBtnView.m */,
				3E0E6E4A1FAAF4AD00F058EB /* HYHomeBottomView.h */,
				3E0E6E4B1FAAF4AD00F058EB /* HYHomeBottomView.m */,
				3E0E6E5D1FABFC4F00F058EB /* HYNoAccessView.h */,
				3E0E6E5E1FABFC4F00F058EB /* HYNoAccessView.m */,
			);
			path = View;
			sourceTree = "<group>";
		};
		3E0FDF461FA996B600F52DC0 /* ViewModel */ = {
			isa = PBXGroup;
			children = (
				3E0E6E751FAC0A8000F058EB /* HYHomeViewModel.h */,
				3E0E6E761FAC0A8000F058EB /* HYHomeViewModel.m */,
				3E14D2061FB02BD8006CDF18 /* HYReportViewModel.h */,
				3E14D2071FB02BD8006CDF18 /* HYReportViewModel.m */,
				3E14D2191FB04831006CDF18 /* HYReportSelectCellModel.h */,
				3E14D21A1FB04831006CDF18 /* HYReportSelectCellModel.m */,
			);
			path = ViewModel;
			sourceTree = "<group>";
		};
		3E0FDF531FA997AF00F52DC0 /* Config */ = {
			isa = PBXGroup;
			children = (
				3E0FDF551FA99E1C00F52DC0 /* Const.h */,
				3E0FDF571FA99E2100F52DC0 /* Const.m */,
				3E0FDF581FA99E2200F52DC0 /* Macro.h */,
				3E0FDF561FA99E2100F52DC0 /* PrefixHeader.pch */,
				3E0FDF541FA99E1700F52DC0 /* WebApi.h */,
			);
			path = Config;
			sourceTree = "<group>";
		};
		3E0FDF591FA99EA000F52DC0 /* Expand */ = {
			isa = PBXGroup;
			children = (
				3E95E1CF1FA9AB1A00995AB2 /* Security */,
				3E95E1CA1FA9AAC700995AB2 /* Tools */,
				3E95E1C71FA9AA4E00995AB2 /* Network */,
			);
			path = Expand;
			sourceTree = "<group>";
		};
		3E14D1EB1FAFFC40006CDF18 /* Common */ = {
			isa = PBXGroup;
			children = (
				3E14D1EC1FAFFC80006CDF18 /* Controller */,
				3E14D1EE1FAFFC80006CDF18 /* Model */,
				3E14D1ED1FAFFC80006CDF18 /* View */,
				3E14D1EF1FAFFC80006CDF18 /* ViewModel */,
			);
			path = Common;
			sourceTree = "<group>";
		};
		3E14D1EC1FAFFC80006CDF18 /* Controller */ = {
			isa = PBXGroup;
			children = (
			);
			path = Controller;
			sourceTree = "<group>";
		};
		3E14D1ED1FAFFC80006CDF18 /* View */ = {
			isa = PBXGroup;
			children = (
				3E14D2221FB07596006CDF18 /* HYDatePickerView.h */,
				3E14D2231FB07596006CDF18 /* HYDatePickerView.m */,
			);
			path = View;
			sourceTree = "<group>";
		};
		3E14D1EE1FAFFC80006CDF18 /* Model */ = {
			isa = PBXGroup;
			children = (
			);
			path = Model;
			sourceTree = "<group>";
		};
		3E14D1EF1FAFFC80006CDF18 /* ViewModel */ = {
			isa = PBXGroup;
			children = (
				3E14D1F01FAFFCA2006CDF18 /* HYTableViewManager.h */,
				3E14D1F11FAFFCA2006CDF18 /* HYTableViewManager.m */,
			);
			path = ViewModel;
			sourceTree = "<group>";
		};
		3E14D2091FB035CC006CDF18 /* Cell */ = {
			isa = PBXGroup;
			children = (
				3E14D20D1FB036A9006CDF18 /* HYReportSelectCell.h */,
				3E14D20E1FB036A9006CDF18 /* HYReportSelectCell.m */,
				3E14D2101FB036CF006CDF18 /* HYReportAllOrderCell.h */,
				3E14D2111FB036CF006CDF18 /* HYReportAllOrderCell.m */,
				3E14D2131FB036E0006CDF18 /* HYReportAllAmountCell.h */,
				3E14D2141FB036E0006CDF18 /* HYReportAllAmountCell.m */,
			);
			path = Cell;
			sourceTree = "<group>";
		};
		3E95E1C71FA9AA4E00995AB2 /* Network */ = {
			isa = PBXGroup;
			children = (
				3E95E1C81FA9AA4E00995AB2 /* HTTPManager.h */,
				3E95E1C91FA9AA4E00995AB2 /* HTTPManager.m */,
			);
			path = Network;
			sourceTree = "<group>";
		};
		3E95E1CA1FA9AAC700995AB2 /* Tools */ = {
			isa = PBXGroup;
			children = (
				3E95E1D61FA9AB2E00995AB2 /* MBProgressHUD+HYExtension.h */,
				3E95E1D51FA9AB2E00995AB2 /* MBProgressHUD+HYExtension.m */,
				3E95E1CD1FA9AB0300995AB2 /* JRToast.h */,
				3E95E1CE1FA9AB0300995AB2 /* JRToast.m */,
				3E95E1CB1FA9AAF900995AB2 /* SAMTextView.h */,
				3E95E1CC1FA9AAF900995AB2 /* SAMTextView.m */,
				3E0E6E561FAB06A600F058EB /* HYPlistTools.h */,
				3E0E6E571FAB06A600F058EB /* HYPlistTools.m */,
				3E0E6E5A1FAB1ADC00F058EB /* HYButton.h */,
				3E0E6E5B1FAB1ADC00F058EB /* HYButton.m */,
			);
			path = Tools;
			sourceTree = "<group>";
		};
		3E95E1CF1FA9AB1A00995AB2 /* Security */ = {
			isa = PBXGroup;
			children = (
				3E95E1D01FA9AB1A00995AB2 /* DESECB.h */,
				3E95E1D11FA9AB1A00995AB2 /* DESECB.m */,
				3E95E1D21FA9AB1A00995AB2 /* GTMBase64.h */,
				3E95E1D31FA9AB1A00995AB2 /* GTMBase64.m */,
				3E95E1D41FA9AB1A00995AB2 /* GTMDefines.h */,
			);
			path = Security;
			sourceTree = "<group>";
		};
		3E95E1D71FA9AB4500995AB2 /* HYBUnicodeReadable */ = {
			isa = PBXGroup;
			children = (
				3E95E1D81FA9AB4500995AB2 /* NSArray+HYBUnicodeReadable.h */,
				3E95E1D91FA9AB4500995AB2 /* NSArray+HYBUnicodeReadable.m */,
				3E95E1DA1FA9AB4500995AB2 /* NSDictionary+HYBUnicodeReadable.h */,
				3E95E1DB1FA9AB4500995AB2 /* NSDictionary+HYBUnicodeReadable.m */,
				3E95E1DC1FA9AB4500995AB2 /* NSSet+HYBUnicodeReadable.h */,
				3E95E1DD1FA9AB4500995AB2 /* NSSet+HYBUnicodeReadable.m */,
			);
			path = HYBUnicodeReadable;
			sourceTree = "<group>";
		};
		3E95E1DE1FA9AB4500995AB2 /* ShowChinese */ = {
			isa = PBXGroup;
			children = (
				3E95E1DF1FA9AB4500995AB2 /* Foundation+Log.m */,
			);
			path = ShowChinese;
			sourceTree = "<group>";
		};
		F75F3A5EF34243711C68A545 /* Pods */ = {
			isa = PBXGroup;
			children = (
				876407F6BA8EF28FA0E76789 /* Pods-Agency.debug.xcconfig */,
				7CE398DDC921D4516685D42A /* Pods-Agency.release.xcconfig */,
			);
			name = Pods;
			sourceTree = "<group>";
		};
/* End PBXGroup section */

/* Begin PBXNativeTarget section */
		3E0FDF151FA9647500F52DC0 /* Agency */ = {
			isa = PBXNativeTarget;
			buildConfigurationList = 3E0FDF2C1FA9647900F52DC0 /* Build configuration list for PBXNativeTarget "Agency" */;
			buildPhases = (
				B02C02356496CD4D073E2C20 /* [CP] Check Pods Manifest.lock */,
				3E0FDF121FA9647500F52DC0 /* Sources */,
				3E0FDF131FA9647500F52DC0 /* Frameworks */,
				3E0FDF141FA9647500F52DC0 /* Resources */,
				05FB2EA586BAF685DA717FF4 /* [CP] Embed Pods Frameworks */,
				3791578D70E03CAB4959B294 /* [CP] Copy Pods Resources */,
			);
			buildRules = (
			);
			dependencies = (
			);
			name = Agency;
			productName = Agency;
			productReference = 3E0FDF161FA9647500F52DC0 /* Agency.app */;
			productType = "com.apple.product-type.application";
		};
/* End PBXNativeTarget section */

/* Begin PBXProject section */
		3E0FDF0E1FA9647400F52DC0 /* Project object */ = {
			isa = PBXProject;
			attributes = {
				CLASSPREFIX = HY;
				LastUpgradeCheck = 0900;
				ORGANIZATIONNAME = "胡勇";
				TargetAttributes = {
					3E0FDF151FA9647500F52DC0 = {
						CreatedOnToolsVersion = 9.0;
						ProvisioningStyle = Automatic;
						SystemCapabilities = {
							com.apple.Push = {
								enabled = 1;
							};
						};
					};
				};
			};
			buildConfigurationList = 3E0FDF111FA9647400F52DC0 /* Build configuration list for PBXProject "Agency" */;
			compatibilityVersion = "Xcode 8.0";
			developmentRegion = en;
			hasScannedForEncodings = 0;
			knownRegions = (
				en,
				Base,
			);
			mainGroup = 3E0FDF0D1FA9647400F52DC0;
			productRefGroup = 3E0FDF171FA9647500F52DC0 /* Products */;
			projectDirPath = "";
			projectRoot = "";
			targets = (
				3E0FDF151FA9647500F52DC0 /* Agency */,
			);
		};
/* End PBXProject section */

/* Begin PBXResourcesBuildPhase section */
		3E0FDF141FA9647500F52DC0 /* Resources */ = {
			isa = PBXResourcesBuildPhase;
			buildActionMask = 2147483647;
			files = (
				3E0FDF371FA9954E00F52DC0 /* Info.plist in Resources */,
				3E0FDF231FA9647800F52DC0 /* Assets.xcassets in Resources */,
			);
			runOnlyForDeploymentPostprocessing = 0;
		};
/* End PBXResourcesBuildPhase section */

/* Begin PBXShellScriptBuildPhase section */
		05FB2EA586BAF685DA717FF4 /* [CP] Embed Pods Frameworks */ = {
			isa = PBXShellScriptBuildPhase;
			buildActionMask = 2147483647;
			files = (
			);
			inputPaths = (
			);
			name = "[CP] Embed Pods Frameworks";
			outputPaths = (
			);
			runOnlyForDeploymentPostprocessing = 0;
			shellPath = /bin/sh;
			shellScript = "\"${SRCROOT}/Pods/Target Support Files/Pods-Agency/Pods-Agency-frameworks.sh\"\n";
			showEnvVarsInLog = 0;
		};
		3791578D70E03CAB4959B294 /* [CP] Copy Pods Resources */ = {
			isa = PBXShellScriptBuildPhase;
			buildActionMask = 2147483647;
			files = (
			);
			inputPaths = (
				"${SRCROOT}/Pods/Target Support Files/Pods-Agency/Pods-Agency-resources.sh",
				"${PODS_ROOT}/IQKeyboardManager/IQKeyboardManager/Resources/IQKeyboardManager.bundle",
				"${PODS_ROOT}/MJRefresh/MJRefresh/MJRefresh.bundle",
			);
			name = "[CP] Copy Pods Resources";
			outputPaths = (
				"${TARGET_BUILD_DIR}/${UNLOCALIZED_RESOURCES_FOLDER_PATH}",
			);
			runOnlyForDeploymentPostprocessing = 0;
			shellPath = /bin/sh;
			shellScript = "\"${SRCROOT}/Pods/Target Support Files/Pods-Agency/Pods-Agency-resources.sh\"\n";
			showEnvVarsInLog = 0;
		};
		B02C02356496CD4D073E2C20 /* [CP] Check Pods Manifest.lock */ = {
			isa = PBXShellScriptBuildPhase;
			buildActionMask = 2147483647;
			files = (
			);
			inputPaths = (
				"${PODS_PODFILE_DIR_PATH}/Podfile.lock",
				"${PODS_ROOT}/Manifest.lock",
			);
			name = "[CP] Check Pods Manifest.lock";
			outputPaths = (
				"$(DERIVED_FILE_DIR)/Pods-Agency-checkManifestLockResult.txt",
			);
			runOnlyForDeploymentPostprocessing = 0;
			shellPath = /bin/sh;
			shellScript = "diff \"${PODS_PODFILE_DIR_PATH}/Podfile.lock\" \"${PODS_ROOT}/Manifest.lock\" > /dev/null\nif [ $? != 0 ] ; then\n    # print error to STDERR\n    echo \"error: The sandbox is not in sync with the Podfile.lock. Run 'pod install' or update your CocoaPods installation.\" >&2\n    exit 1\nfi\n# This output is used by Xcode 'outputs' to avoid re-running this script phase.\necho \"SUCCESS\" > \"${SCRIPT_OUTPUT_FILE_0}\"\n";
			showEnvVarsInLog = 0;
		};
/* End PBXShellScriptBuildPhase section */

/* Begin PBXSourcesBuildPhase section */
		3E0FDF121FA9647500F52DC0 /* Sources */ = {
			isa = PBXSourcesBuildPhase;
			buildActionMask = 2147483647;
			files = (
				3E0E6E621FAC09CF00F058EB /* HYReportViewController.m in Sources */,
				3E14D2241FB07596006CDF18 /* HYDatePickerView.m in Sources */,
				3E14D2011FB00492006CDF18 /* HYBaseTableViewModel.m in Sources */,
				3E14D1F51FB002FA006CDF18 /* HYBaseModel.m in Sources */,
				3E0E6E501FAAFB0C00F058EB /* Macro.h in Sources */,
				3E0E6E511FAAFB0C00F058EB /* WebApi.h in Sources */,
				3E95E2141FAACACD00995AB2 /* MBProgressHUD+HYExtension.h in Sources */,
				3E95E2151FAACACD00995AB2 /* MBProgressHUD+HYExtension.m in Sources */,
				3E95E2121FAACA7300995AB2 /* HTTPManager.h in Sources */,
				3E95E2131FAACA7300995AB2 /* HTTPManager.m in Sources */,
				3E0E6E6E1FAC0A0400F058EB /* HYAboutUSViewController.m in Sources */,
				3E95E20D1FAAC7F700995AB2 /* Const.h in Sources */,
				3E14D1F81FB00305006CDF18 /* HYBaseViewModel.m in Sources */,
				3E0E6E491FAAF49600F058EB /* HYHomeMiddleView.m in Sources */,
				3E14D2081FB02BD8006CDF18 /* HYReportViewModel.m in Sources */,
				3E95E20E1FAAC7F700995AB2 /* Const.m in Sources */,
				3E95E1EF1FA9C98000995AB2 /* JRToast.h in Sources */,
				3E95E1F01FA9C98000995AB2 /* JRToast.m in Sources */,
				3E0E6E401FAAF3D700F058EB /* HYHomePageViewController.m in Sources */,
				3E95E1E21FA9AD4100995AB2 /* HYBaseViewController.m in Sources */,
				3E14D1F21FAFFCA2006CDF18 /* HYTableViewManager.m in Sources */,
				3E14D20F1FB036A9006CDF18 /* HYReportSelectCell.m in Sources */,
				3E95E1EB1FA9B64400995AB2 /* HYLoginView.m in Sources */,
				3E0FDF361FA9954E00F52DC0 /* AppDelegate.m in Sources */,
				3E14D1EA1FAC7881006CDF18 /* HYJoinProtocolVC.m in Sources */,
				3E14D2151FB036E0006CDF18 /* HYReportAllAmountCell.m in Sources */,
				3E14D1FE1FB00479006CDF18 /* HYBaseCellViewModel.m in Sources */,
				3E0E6E431FAAF43C00F058EB /* HYHomeView.m in Sources */,
				3E0E6E461FAAF46700F058EB /* HYHomeHeaderView.m in Sources */,
				3E0E6E4F1FAAF4D700F058EB /* HYHomeBtnView.m in Sources */,
				3E0E6E541FAB000400F058EB /* HYUserModel.m in Sources */,
				3E0E6E5C1FAB1ADC00F058EB /* HYButton.m in Sources */,
				3E0E6E771FAC0A8000F058EB /* HYHomeViewModel.m in Sources */,
				3E0FDF291FA9647900F52DC0 /* main.m in Sources */,
				3E0E6E591FAB06A600F058EB /* HYPlistTools.m in Sources */,
				3E0E6E681FAC09EB00F058EB /* HYAuthViewController.m in Sources */,
				3E0E6E5F1FABFC4F00F058EB /* HYNoAccessView.m in Sources */,
				3E95E2111FAAC8E800995AB2 /* HYLoginRequestManager.m in Sources */,
				3E14D21E1FB0574B006CDF18 /* HYReportListViewController.m in Sources */,
				3E0E6E6B1FAC09F900F058EB /* HYMineViewController.m in Sources */,
				3E0E6E711FAC0A1100F058EB /* HYWalletViewController.m in Sources */,
				3E14D2211FB05795006CDF18 /* HYReportDetailViewController.m in Sources */,
				3E0E6E4C1FAAF4AD00F058EB /* HYHomeBottomView.m in Sources */,
				3E14D21B1FB04831006CDF18 /* HYReportSelectCellModel.m in Sources */,
				3E95E1EE1FA9BF1900995AB2 /* HYLoginViewModel.m in Sources */,
				3E95E1E81FA9ADCA00995AB2 /* HYBaseNavController.m in Sources */,
				3E95E1E51FA9ADA600995AB2 /* HYLoginViewController.m in Sources */,
				3E0E6E651FAC09E000F058EB /* HYBankCardViewController.m in Sources */,
				3E14D2121FB036CF006CDF18 /* HYReportAllOrderCell.m in Sources */,
			);
			runOnlyForDeploymentPostprocessing = 0;
		};
/* End PBXSourcesBuildPhase section */

/* Begin XCBuildConfiguration section */
		3E0FDF2A1FA9647900F52DC0 /* Debug */ = {
			isa = XCBuildConfiguration;
			buildSettings = {
				ALWAYS_SEARCH_USER_PATHS = NO;
				CLANG_ANALYZER_NONNULL = YES;
				CLANG_ANALYZER_NUMBER_OBJECT_CONVERSION = YES_AGGRESSIVE;
				CLANG_CXX_LANGUAGE_STANDARD = "gnu++14";
				CLANG_CXX_LIBRARY = "libc++";
				CLANG_ENABLE_MODULES = YES;
				CLANG_ENABLE_OBJC_ARC = YES;
				CLANG_WARN_BLOCK_CAPTURE_AUTORELEASING = YES;
				CLANG_WARN_BOOL_CONVERSION = YES;
				CLANG_WARN_COMMA = YES;
				CLANG_WARN_CONSTANT_CONVERSION = YES;
				CLANG_WARN_DIRECT_OBJC_ISA_USAGE = YES_ERROR;
				CLANG_WARN_DOCUMENTATION_COMMENTS = YES;
				CLANG_WARN_EMPTY_BODY = YES;
				CLANG_WARN_ENUM_CONVERSION = YES;
				CLANG_WARN_INFINITE_RECURSION = YES;
				CLANG_WARN_INT_CONVERSION = YES;
				CLANG_WARN_NON_LITERAL_NULL_CONVERSION = YES;
				CLANG_WARN_OBJC_LITERAL_CONVERSION = YES;
				CLANG_WARN_OBJC_ROOT_CLASS = YES_ERROR;
				CLANG_WARN_RANGE_LOOP_ANALYSIS = YES;
				CLANG_WARN_STRICT_PROTOTYPES = YES;
				CLANG_WARN_SUSPICIOUS_MOVE = YES;
				CLANG_WARN_UNGUARDED_AVAILABILITY = YES_AGGRESSIVE;
				CLANG_WARN_UNREACHABLE_CODE = YES;
				CLANG_WARN__DUPLICATE_METHOD_MATCH = YES;
				CODE_SIGN_IDENTITY = "iPhone Developer";
				COPY_PHASE_STRIP = NO;
				DEBUG_INFORMATION_FORMAT = dwarf;
				ENABLE_STRICT_OBJC_MSGSEND = YES;
				ENABLE_TESTABILITY = YES;
				GCC_C_LANGUAGE_STANDARD = gnu11;
				GCC_DYNAMIC_NO_PIC = NO;
				GCC_NO_COMMON_BLOCKS = YES;
				GCC_OPTIMIZATION_LEVEL = 0;
				GCC_PREPROCESSOR_DEFINITIONS = (
					"DEBUG=1",
					"$(inherited)",
				);
				GCC_WARN_64_TO_32_BIT_CONVERSION = YES;
				GCC_WARN_ABOUT_RETURN_TYPE = YES_ERROR;
				GCC_WARN_UNDECLARED_SELECTOR = YES;
				GCC_WARN_UNINITIALIZED_AUTOS = YES_AGGRESSIVE;
				GCC_WARN_UNUSED_FUNCTION = YES;
				GCC_WARN_UNUSED_VARIABLE = YES;
				IPHONEOS_DEPLOYMENT_TARGET = 11.0;
				MTL_ENABLE_DEBUG_INFO = YES;
				ONLY_ACTIVE_ARCH = YES;
				SDKROOT = iphoneos;
			};
			name = Debug;
		};
		3E0FDF2B1FA9647900F52DC0 /* Release */ = {
			isa = XCBuildConfiguration;
			buildSettings = {
				ALWAYS_SEARCH_USER_PATHS = NO;
				CLANG_ANALYZER_NONNULL = YES;
				CLANG_ANALYZER_NUMBER_OBJECT_CONVERSION = YES_AGGRESSIVE;
				CLANG_CXX_LANGUAGE_STANDARD = "gnu++14";
				CLANG_CXX_LIBRARY = "libc++";
				CLANG_ENABLE_MODULES = YES;
				CLANG_ENABLE_OBJC_ARC = YES;
				CLANG_WARN_BLOCK_CAPTURE_AUTORELEASING = YES;
				CLANG_WARN_BOOL_CONVERSION = YES;
				CLANG_WARN_COMMA = YES;
				CLANG_WARN_CONSTANT_CONVERSION = YES;
				CLANG_WARN_DIRECT_OBJC_ISA_USAGE = YES_ERROR;
				CLANG_WARN_DOCUMENTATION_COMMENTS = YES;
				CLANG_WARN_EMPTY_BODY = YES;
				CLANG_WARN_ENUM_CONVERSION = YES;
				CLANG_WARN_INFINITE_RECURSION = YES;
				CLANG_WARN_INT_CONVERSION = YES;
				CLANG_WARN_NON_LITERAL_NULL_CONVERSION = YES;
				CLANG_WARN_OBJC_LITERAL_CONVERSION = YES;
				CLANG_WARN_OBJC_ROOT_CLASS = YES_ERROR;
				CLANG_WARN_RANGE_LOOP_ANALYSIS = YES;
				CLANG_WARN_STRICT_PROTOTYPES = YES;
				CLANG_WARN_SUSPICIOUS_MOVE = YES;
				CLANG_WARN_UNGUARDED_AVAILABILITY = YES_AGGRESSIVE;
				CLANG_WARN_UNREACHABLE_CODE = YES;
				CLANG_WARN__DUPLICATE_METHOD_MATCH = YES;
				CODE_SIGN_IDENTITY = "iPhone Developer";
				COPY_PHASE_STRIP = NO;
				DEBUG_INFORMATION_FORMAT = "dwarf-with-dsym";
				ENABLE_NS_ASSERTIONS = NO;
				ENABLE_STRICT_OBJC_MSGSEND = YES;
				GCC_C_LANGUAGE_STANDARD = gnu11;
				GCC_NO_COMMON_BLOCKS = YES;
				GCC_WARN_64_TO_32_BIT_CONVERSION = YES;
				GCC_WARN_ABOUT_RETURN_TYPE = YES_ERROR;
				GCC_WARN_UNDECLARED_SELECTOR = YES;
				GCC_WARN_UNINITIALIZED_AUTOS = YES_AGGRESSIVE;
				GCC_WARN_UNUSED_FUNCTION = YES;
				GCC_WARN_UNUSED_VARIABLE = YES;
				IPHONEOS_DEPLOYMENT_TARGET = 11.0;
				MTL_ENABLE_DEBUG_INFO = NO;
				SDKROOT = iphoneos;
				VALIDATE_PRODUCT = YES;
			};
			name = Release;
		};
		3E0FDF2D1FA9647900F52DC0 /* Debug */ = {
			isa = XCBuildConfiguration;
			baseConfigurationReference = 876407F6BA8EF28FA0E76789 /* Pods-Agency.debug.xcconfig */;
			buildSettings = {
				ASSETCATALOG_COMPILER_APPICON_NAME = AppIcon;
				ASSETCATALOG_COMPILER_LAUNCHIMAGE_NAME = LaunchImage;
				CLANG_ENABLE_OBJC_WEAK = NO;
				CODE_SIGN_ENTITLEMENTS = Agency/Agency.entitlements;
				CODE_SIGN_STYLE = Automatic;
				DEVELOPMENT_TEAM = JR7BAVX2XH;
				FRAMEWORK_SEARCH_PATHS = (
					"$(inherited)",
					"$(PROJECT_DIR)/Agency/Vendor",
				);
				GCC_PRECOMPILE_PREFIX_HEADER = YES;
				GCC_PREFIX_HEADER = "${SRCROOT}/Agency/Config/PrefixHeader.pch";
				INFOPLIST_FILE = "$(SRCROOT)/Agency/APPDelegate/Info.plist";
				IPHONEOS_DEPLOYMENT_TARGET = 8.0;
				LD_RUNPATH_SEARCH_PATHS = "$(inherited) @executable_path/Frameworks";
				PRODUCT_BUNDLE_IDENTIFIER = com.hailin.agency;
				PRODUCT_NAME = "$(TARGET_NAME)";
				TARGETED_DEVICE_FAMILY = 1;
			};
			name = Debug;
		};
		3E0FDF2E1FA9647900F52DC0 /* Release */ = {
			isa = XCBuildConfiguration;
			baseConfigurationReference = 7CE398DDC921D4516685D42A /* Pods-Agency.release.xcconfig */;
			buildSettings = {
				ASSETCATALOG_COMPILER_APPICON_NAME = AppIcon;
				ASSETCATALOG_COMPILER_LAUNCHIMAGE_NAME = LaunchImage;
				CLANG_ENABLE_OBJC_WEAK = NO;
				CODE_SIGN_ENTITLEMENTS = Agency/Agency.entitlements;
				CODE_SIGN_STYLE = Automatic;
				DEVELOPMENT_TEAM = JR7BAVX2XH;
				FRAMEWORK_SEARCH_PATHS = (
					"$(inherited)",
					"$(PROJECT_DIR)/Agency/Vendor",
				);
				GCC_PRECOMPILE_PREFIX_HEADER = YES;
				GCC_PREFIX_HEADER = "${SRCROOT}/Agency/Config/PrefixHeader.pch";
				INFOPLIST_FILE = "$(SRCROOT)/Agency/APPDelegate/Info.plist";
				IPHONEOS_DEPLOYMENT_TARGET = 8.0;
				LD_RUNPATH_SEARCH_PATHS = "$(inherited) @executable_path/Frameworks";
				PRODUCT_BUNDLE_IDENTIFIER = com.hailin.agency;
				PRODUCT_NAME = "$(TARGET_NAME)";
				TARGETED_DEVICE_FAMILY = 1;
			};
			name = Release;
		};
/* End XCBuildConfiguration section */

/* Begin XCConfigurationList section */
		3E0FDF111FA9647400F52DC0 /* Build configuration list for PBXProject "Agency" */ = {
			isa = XCConfigurationList;
			buildConfigurations = (
				3E0FDF2A1FA9647900F52DC0 /* Debug */,
				3E0FDF2B1FA9647900F52DC0 /* Release */,
			);
			defaultConfigurationIsVisible = 0;
			defaultConfigurationName = Release;
		};
		3E0FDF2C1FA9647900F52DC0 /* Build configuration list for PBXNativeTarget "Agency" */ = {
			isa = XCConfigurationList;
			buildConfigurations = (
				3E0FDF2D1FA9647900F52DC0 /* Debug */,
				3E0FDF2E1FA9647900F52DC0 /* Release */,
			);
			defaultConfigurationIsVisible = 0;
			defaultConfigurationName = Release;
		};
/* End XCConfigurationList section */
	};
	rootObject = 3E0FDF0E1FA9647400F52DC0 /* Project object */;
}
