// !$*UTF8*$!
{
	archiveVersion = 1;
	classes = {
	};
	objectVersion = 48;
	objects = {

/* Begin PBXBuildFile section */
		3E0FDF1B1FA9647600F52DC0 /* AppDelegate.m in Sources */ = {isa = PBXBuildFile; fileRef = 3E0FDF1A1FA9647600F52DC0 /* AppDelegate.m */; };
		3E0FDF1E1FA9647600F52DC0 /* ViewController.m in Sources */ = {isa = PBXBuildFile; fileRef = 3E0FDF1D1FA9647600F52DC0 /* ViewController.m */; };
		3E0FDF211FA9647800F52DC0 /* Main.storyboard in Resources */ = {isa = PBXBuildFile; fileRef = 3E0FDF1F1FA9647800F52DC0 /* Main.storyboard */; };
		3E0FDF231FA9647800F52DC0 /* Assets.xcassets in Resources */ = {isa = PBXBuildFile; fileRef = 3E0FDF221FA9647800F52DC0 /* Assets.xcassets */; };
		3E0FDF261FA9647800F52DC0 /* LaunchScreen.storyboard in Resources */ = {isa = PBXBuildFile; fileRef = 3E0FDF241FA9647800F52DC0 /* LaunchScreen.storyboard */; };
		3E0FDF291FA9647900F52DC0 /* main.m in Sources */ = {isa = PBXBuildFile; fileRef = 3E0FDF281FA9647900F52DC0 /* main.m */; };
/* End PBXBuildFile section */

/* Begin PBXFileReference section */
		3E0FDF161FA9647500F52DC0 /* Agency.app */ = {isa = PBXFileReference; explicitFileType = wrapper.application; includeInIndex = 0; path = Agency.app; sourceTree = BUILT_PRODUCTS_DIR; };
		3E0FDF191FA9647600F52DC0 /* AppDelegate.h */ = {isa = PBXFileReference; lastKnownFileType = sourcecode.c.h; path = AppDelegate.h; sourceTree = "<group>"; };
		3E0FDF1A1FA9647600F52DC0 /* AppDelegate.m */ = {isa = PBXFileReference; lastKnownFileType = sourcecode.c.objc; path = AppDelegate.m; sourceTree = "<group>"; };
		3E0FDF1C1FA9647600F52DC0 /* ViewController.h */ = {isa = PBXFileReference; lastKnownFileType = sourcecode.c.h; path = ViewController.h; sourceTree = "<group>"; };
		3E0FDF1D1FA9647600F52DC0 /* ViewController.m */ = {isa = PBXFileReference; lastKnownFileType = sourcecode.c.objc; path = ViewController.m; sourceTree = "<group>"; };
		3E0FDF201FA9647800F52DC0 /* Base */ = {isa = PBXFileReference; lastKnownFileType = file.storyboard; name = Base; path = Base.lproj/Main.storyboard; sourceTree = "<group>"; };
		3E0FDF221FA9647800F52DC0 /* Assets.xcassets */ = {isa = PBXFileReference; lastKnownFileType = folder.assetcatalog; path = Assets.xcassets; sourceTree = "<group>"; };
		3E0FDF251FA9647800F52DC0 /* Base */ = {isa = PBXFileReference; lastKnownFileType = file.storyboard; name = Base; path = Base.lproj/LaunchScreen.storyboard; sourceTree = "<group>"; };
		3E0FDF271FA9647900F52DC0 /* Info.plist */ = {isa = PBXFileReference; lastKnownFileType = text.plist.xml; path = Info.plist; sourceTree = "<group>"; };
		3E0FDF281FA9647900F52DC0 /* main.m */ = {isa = PBXFileReference; lastKnownFileType = sourcecode.c.objc; path = main.m; sourceTree = "<group>"; };
/* End PBXFileReference section */

/* Begin PBXFrameworksBuildPhase section */
		3E0FDF131FA9647500F52DC0 /* Frameworks */ = {
			isa = PBXFrameworksBuildPhase;
			buildActionMask = 2147483647;
			files = (
			);
			runOnlyForDeploymentPostprocessing = 0;
		};
/* End PBXFrameworksBuildPhase section */

/* Begin PBXGroup section */
		3E0FDF0D1FA9647400F52DC0 = {
			isa = PBXGroup;
			children = (
				3E0FDF181FA9647500F52DC0 /* Agency */,
				3E0FDF171FA9647500F52DC0 /* Products */,
			);
			sourceTree = "<group>";
		};
		3E0FDF171FA9647500F52DC0 /* Products */ = {
			isa = PBXGroup;
			children = (
				3E0FDF161FA9647500F52DC0 /* Agency.app */,
			);
			name = Products;
			sourceTree = "<group>";
		};
		3E0FDF181FA9647500F52DC0 /* Agency */ = {
			isa = PBXGroup;
			children = (
				3E0FDF191FA9647600F52DC0 /* AppDelegate.h */,
				3E0FDF1A1FA9647600F52DC0 /* AppDelegate.m */,
				3E0FDF1C1FA9647600F52DC0 /* ViewController.h */,
				3E0FDF1D1FA9647600F52DC0 /* ViewController.m */,
				3E0FDF1F1FA9647800F52DC0 /* Main.storyboard */,
				3E0FDF221FA9647800F52DC0 /* Assets.xcassets */,
				3E0FDF241FA9647800F52DC0 /* LaunchScreen.storyboard */,
				3E0FDF271FA9647900F52DC0 /* Info.plist */,
				3E0FDF281FA9647900F52DC0 /* main.m */,
			);
			path = Agency;
			sourceTree = "<group>";
		};
/* End PBXGroup section */

/* Begin PBXNativeTarget section */
		3E0FDF151FA9647500F52DC0 /* Agency */ = {
			isa = PBXNativeTarget;
			buildConfigurationList = 3E0FDF2C1FA9647900F52DC0 /* Build configuration list for PBXNativeTarget "Agency" */;
			buildPhases = (
				3E0FDF121FA9647500F52DC0 /* Sources */,
				3E0FDF131FA9647500F52DC0 /* Frameworks */,
				3E0FDF141FA9647500F52DC0 /* Resources */,
			);
			buildRules = (
			);
			dependencies = (
			);
			name = Agency;
			productName = Agency;
			productReference = 3E0FDF161FA9647500F52DC0 /* Agency.app */;
			productType = "com.apple.product-type.application";
		};
/* End PBXNativeTarget section */

/* Begin PBXProject section */
		3E0FDF0E1FA9647400F52DC0 /* Project object */ = {
			isa = PBXProject;
			attributes = {
				LastUpgradeCheck = 0900;
				ORGANIZATIONNAME = "胡勇";
				TargetAttributes = {
					3E0FDF151FA9647500F52DC0 = {
						CreatedOnToolsVersion = 9.0;
						ProvisioningStyle = Automatic;
					};
				};
			};
			buildConfigurationList = 3E0FDF111FA9647400F52DC0 /* Build configuration list for PBXProject "Agency" */;
			compatibilityVersion = "Xcode 8.0";
			developmentRegion = en;
			hasScannedForEncodings = 0;
			knownRegions = (
				en,
				Base,
			);
			mainGroup = 3E0FDF0D1FA9647400F52DC0;
			productRefGroup = 3E0FDF171FA9647500F52DC0 /* Products */;
			projectDirPath = "";
			projectRoot = "";
			targets = (
				3E0FDF151FA9647500F52DC0 /* Agency */,
			);
		};
/* End PBXProject section */

/* Begin PBXResourcesBuildPhase section */
		3E0FDF141FA9647500F52DC0 /* Resources */ = {
			isa = PBXResourcesBuildPhase;
			buildActionMask = 2147483647;
			files = (
				3E0FDF261FA9647800F52DC0 /* LaunchScreen.storyboard in Resources */,
				3E0FDF231FA9647800F52DC0 /* Assets.xcassets in Resources */,
				3E0FDF211FA9647800F52DC0 /* Main.storyboard in Resources */,
			);
			runOnlyForDeploymentPostprocessing = 0;
		};
/* End PBXResourcesBuildPhase section */

/* Begin PBXSourcesBuildPhase section */
		3E0FDF121FA9647500F52DC0 /* Sources */ = {
			isa = PBXSourcesBuildPhase;
			buildActionMask = 2147483647;
			files = (
				3E0FDF1E1FA9647600F52DC0 /* ViewController.m in Sources */,
				3E0FDF291FA9647900F52DC0 /* main.m in Sources */,
				3E0FDF1B1FA9647600F52DC0 /* AppDelegate.m in Sources */,
			);
			runOnlyForDeploymentPostprocessing = 0;
		};
/* End PBXSourcesBuildPhase section */

/* Begin PBXVariantGroup section */
		3E0FDF1F1FA9647800F52DC0 /* Main.storyboard */ = {
			isa = PBXVariantGroup;
			children = (
				3E0FDF201FA9647800F52DC0 /* Base */,
			);
			name = Main.storyboard;
			sourceTree = "<group>";
		};
		3E0FDF241FA9647800F52DC0 /* LaunchScreen.storyboard */ = {
			isa = PBXVariantGroup;
			children = (
				3E0FDF251FA9647800F52DC0 /* Base */,
			);
			name = LaunchScreen.storyboard;
			sourceTree = "<group>";
		};
/* End PBXVariantGroup section */

/* Begin XCBuildConfiguration section */
		3E0FDF2A1FA9647900F52DC0 /* Debug */ = {
			isa = XCBuildConfiguration;
			buildSettings = {
				ALWAYS_SEARCH_USER_PATHS = NO;
				CLANG_ANALYZER_NONNULL = YES;
				CLANG_ANALYZER_NUMBER_OBJECT_CONVERSION = YES_AGGRESSIVE;
				CLANG_CXX_LANGUAGE_STANDARD = "gnu++14";
				CLANG_CXX_LIBRARY = "libc++";
				CLANG_ENABLE_MODULES = YES;
				CLANG_ENABLE_OBJC_ARC = YES;
				CLANG_WARN_BLOCK_CAPTURE_AUTORELEASING = YES;
				CLANG_WARN_BOOL_CONVERSION = YES;
				CLANG_WARN_COMMA = YES;
				CLANG_WARN_CONSTANT_CONVERSION = YES;
				CLANG_WARN_DIRECT_OBJC_ISA_USAGE = YES_ERROR;
				CLANG_WARN_DOCUMENTATION_COMMENTS = YES;
				CLANG_WARN_EMPTY_BODY = YES;
				CLANG_WARN_ENUM_CONVERSION = YES;
				CLANG_WARN_INFINITE_RECURSION = YES;
				CLANG_WARN_INT_CONVERSION = YES;
				CLANG_WARN_NON_LITERAL_NULL_CONVERSION = YES;
				CLANG_WARN_OBJC_LITERAL_CONVERSION = YES;
				CLANG_WARN_OBJC_ROOT_CLASS = YES_ERROR;
				CLANG_WARN_RANGE_LOOP_ANALYSIS = YES;
				CLANG_WARN_STRICT_PROTOTYPES = YES;
				CLANG_WARN_SUSPICIOUS_MOVE = YES;
				CLANG_WARN_UNGUARDED_AVAILABILITY = YES_AGGRESSIVE;
				CLANG_WARN_UNREACHABLE_CODE = YES;
				CLANG_WARN__DUPLICATE_METHOD_MATCH = YES;
				CODE_SIGN_IDENTITY = "iPhone Developer";
				COPY_PHASE_STRIP = NO;
				DEBUG_INFORMATION_FORMAT = dwarf;
				ENABLE_STRICT_OBJC_MSGSEND = YES;
				ENABLE_TESTABILITY = YES;
				GCC_C_LANGUAGE_STANDARD = gnu11;
				GCC_DYNAMIC_NO_PIC = NO;
				GCC_NO_COMMON_BLOCKS = YES;
				GCC_OPTIMIZATION_LEVEL = 0;
				GCC_PREPROCESSOR_DEFINITIONS = (
					"DEBUG=1",
					"$(inherited)",
				);
				GCC_WARN_64_TO_32_BIT_CONVERSION = YES;
				GCC_WARN_ABOUT_RETURN_TYPE = YES_ERROR;
				GCC_WARN_UNDECLARED_SELECTOR = YES;
				GCC_WARN_UNINITIALIZED_AUTOS = YES_AGGRESSIVE;
				GCC_WARN_UNUSED_FUNCTION = YES;
				GCC_WARN_UNUSED_VARIABLE = YES;
				IPHONEOS_DEPLOYMENT_TARGET = 11.0;
				MTL_ENABLE_DEBUG_INFO = YES;
				ONLY_ACTIVE_ARCH = YES;
				SDKROOT = iphoneos;
			};
			name = Debug;
		};
		3E0FDF2B1FA9647900F52DC0 /* Release */ = {
			isa = XCBuildConfiguration;
			buildSettings = {
				ALWAYS_SEARCH_USER_PATHS = NO;
				CLANG_ANALYZER_NONNULL = YES;
				CLANG_ANALYZER_NUMBER_OBJECT_CONVERSION = YES_AGGRESSIVE;
				CLANG_CXX_LANGUAGE_STANDARD = "gnu++14";
				CLANG_CXX_LIBRARY = "libc++";
				CLANG_ENABLE_MODULES = YES;
				CLANG_ENABLE_OBJC_ARC = YES;
				CLANG_WARN_BLOCK_CAPTURE_AUTORELEASING = YES;
				CLANG_WARN_BOOL_CONVERSION = YES;
				CLANG_WARN_COMMA = YES;
				CLANG_WARN_CONSTANT_CONVERSION = YES;
				CLANG_WARN_DIRECT_OBJC_ISA_USAGE = YES_ERROR;
				CLANG_WARN_DOCUMENTATION_COMMENTS = YES;
				CLANG_WARN_EMPTY_BODY = YES;
				CLANG_WARN_ENUM_CONVERSION = YES;
				CLANG_WARN_INFINITE_RECURSION = YES;
				CLANG_WARN_INT_CONVERSION = YES;
				CLANG_WARN_NON_LITERAL_NULL_CONVERSION = YES;
				CLANG_WARN_OBJC_LITERAL_CONVERSION = YES;
				CLANG_WARN_OBJC_ROOT_CLASS = YES_ERROR;
				CLANG_WARN_RANGE_LOOP_ANALYSIS = YES;
				CLANG_WARN_STRICT_PROTOTYPES = YES;
				CLANG_WARN_SUSPICIOUS_MOVE = YES;
				CLANG_WARN_UNGUARDED_AVAILABILITY = YES_AGGRESSIVE;
				CLANG_WARN_UNREACHABLE_CODE = YES;
				CLANG_WARN__DUPLICATE_METHOD_MATCH = YES;
				CODE_SIGN_IDENTITY = "iPhone Developer";
				COPY_PHASE_STRIP = NO;
				DEBUG_INFORMATION_FORMAT = "dwarf-with-dsym";
				ENABLE_NS_ASSERTIONS = NO;
				ENABLE_STRICT_OBJC_MSGSEND = YES;
				GCC_C_LANGUAGE_STANDARD = gnu11;
				GCC_NO_COMMON_BLOCKS = YES;
				GCC_WARN_64_TO_32_BIT_CONVERSION = YES;
				GCC_WARN_ABOUT_RETURN_TYPE = YES_ERROR;
				GCC_WARN_UNDECLARED_SELECTOR = YES;
				GCC_WARN_UNINITIALIZED_AUTOS = YES_AGGRESSIVE;
				GCC_WARN_UNUSED_FUNCTION = YES;
				GCC_WARN_UNUSED_VARIABLE = YES;
				IPHONEOS_DEPLOYMENT_TARGET = 11.0;
				MTL_ENABLE_DEBUG_INFO = NO;
				SDKROOT = iphoneos;
				VALIDATE_PRODUCT = YES;
			};
			name = Release;
		};
		3E0FDF2D1FA9647900F52DC0 /* Debug */ = {
			isa = XCBuildConfiguration;
			buildSettings = {
				ASSETCATALOG_COMPILER_APPICON_NAME = AppIcon;
				CODE_SIGN_STYLE = Automatic;
				INFOPLIST_FILE = Agency/Info.plist;
				LD_RUNPATH_SEARCH_PATHS = "$(inherited) @executable_path/Frameworks";
				PRODUCT_BUNDLE_IDENTIFIER = huyong.Agency;
				PRODUCT_NAME = "$(TARGET_NAME)";
				TARGETED_DEVICE_FAMILY = "1,2";
			};
			name = Debug;
		};
		3E0FDF2E1FA9647900F52DC0 /* Release */ = {
			isa = XCBuildConfiguration;
			buildSettings = {
				ASSETCATALOG_COMPILER_APPICON_NAME = AppIcon;
				CODE_SIGN_STYLE = Automatic;
				INFOPLIST_FILE = Agency/Info.plist;
				LD_RUNPATH_SEARCH_PATHS = "$(inherited) @executable_path/Frameworks";
				PRODUCT_BUNDLE_IDENTIFIER = huyong.Agency;
				PRODUCT_NAME = "$(TARGET_NAME)";
				TARGETED_DEVICE_FAMILY = "1,2";
			};
			name = Release;
		};
/* End XCBuildConfiguration section */

/* Begin XCConfigurationList section */
		3E0FDF111FA9647400F52DC0 /* Build configuration list for PBXProject "Agency" */ = {
			isa = XCConfigurationList;
			buildConfigurations = (
				3E0FDF2A1FA9647900F52DC0 /* Debug */,
				3E0FDF2B1FA9647900F52DC0 /* Release */,
			);
			defaultConfigurationIsVisible = 0;
			defaultConfigurationName = Release;
		};
		3E0FDF2C1FA9647900F52DC0 /* Build configuration list for PBXNativeTarget "Agency" */ = {
			isa = XCConfigurationList;
			buildConfigurations = (
				3E0FDF2D1FA9647900F52DC0 /* Debug */,
				3E0FDF2E1FA9647900F52DC0 /* Release */,
			);
			defaultConfigurationIsVisible = 0;
			defaultConfigurationName = Release;
		};
/* End XCConfigurationList section */
	};
	rootObject = 3E0FDF0E1FA9647400F52DC0 /* Project object */;
}
